// !$*UTF8*$!
{
	archiveVersion = 1;
	classes = {
	};
	objectVersion = 46;
	objects = {

/* Begin PBXBuildFile section */
		C20834C21D59B1CB00E1AC2E /* ChoseView.m in Sources */ = {isa = PBXBuildFile; fileRef = C20834BF1D59B1CB00E1AC2E /* ChoseView.m */; };
		C20834C31D59B1CB00E1AC2E /* TypeView.m in Sources */ = {isa = PBXBuildFile; fileRef = C20834C11D59B1CB00E1AC2E /* TypeView.m */; };
		C20834CA1D59B45300E1AC2E /* 1.jpg in Resources */ = {isa = PBXBuildFile; fileRef = C20834C51D59B45300E1AC2E /* 1.jpg */; };
		C20834CB1D59B45300E1AC2E /* 2.jpg in Resources */ = {isa = PBXBuildFile; fileRef = C20834C61D59B45300E1AC2E /* 2.jpg */; };
		C20834CC1D59B45300E1AC2E /* 3.jpg in Resources */ = {isa = PBXBuildFile; fileRef = C20834C71D59B45300E1AC2E /* 3.jpg */; };
		C20834CD1D59B45300E1AC2E /* 4.jpg in Resources */ = {isa = PBXBuildFile; fileRef = C20834C81D59B45300E1AC2E /* 4.jpg */; };
		C20834CE1D59B45300E1AC2E /* close@3x.png in Resources */ = {isa = PBXBuildFile; fileRef = C20834C91D59B45300E1AC2E /* close@3x.png */; };
		C20834D01D59B46100E1AC2E /* stock.plist in Resources */ = {isa = PBXBuildFile; fileRef = C20834CF1D59B46100E1AC2E /* stock.plist */; };
		C20835931D5A12FE00E1AC2E /* 人脉-节日提醒_02.png in Resources */ = {isa = PBXBuildFile; fileRef = C20835921D5A12FE00E1AC2E /* 人脉-节日提醒_02.png */; };
		C20835961D5A149D00E1AC2E /* ChineseToPinyin.m in Sources */ = {isa = PBXBuildFile; fileRef = C20835951D5A149D00E1AC2E /* ChineseToPinyin.m */; };
		C20835991D5A15F700E1AC2E /* HeaderView.m in Sources */ = {isa = PBXBuildFile; fileRef = C20835981D5A15F700E1AC2E /* HeaderView.m */; };
		C208359B1D5B068800E1AC2E /* laopo.png in Resources */ = {isa = PBXBuildFile; fileRef = C208359A1D5B068800E1AC2E /* laopo.png */; };
		C2192A391D54A7FB00F8F6A4 /* YFActionSheet.m in Sources */ = {isa = PBXBuildFile; fileRef = C2192A361D54A7FB00F8F6A4 /* YFActionSheet.m */; };
		C2192A3A1D54A7FB00F8F6A4 /* YFActionSheetItem.m in Sources */ = {isa = PBXBuildFile; fileRef = C2192A381D54A7FB00F8F6A4 /* YFActionSheetItem.m */; };
		C2192A3D1D54A80300F8F6A4 /* strategyTableViewCell.m in Sources */ = {isa = PBXBuildFile; fileRef = C2192A3C1D54A80300F8F6A4 /* strategyTableViewCell.m */; };
		C2192A401D54A80E00F8F6A4 /* strategyViewController.m in Sources */ = {isa = PBXBuildFile; fileRef = C2192A3F1D54A80E00F8F6A4 /* strategyViewController.m */; };
		C2192A471D54A95D00F8F6A4 /* loginViewController.m in Sources */ = {isa = PBXBuildFile; fileRef = C2192A441D54A95D00F8F6A4 /* loginViewController.m */; };
		C2192A481D54A95D00F8F6A4 /* findPassWordViewController.m in Sources */ = {isa = PBXBuildFile; fileRef = C2192A461D54A95D00F8F6A4 /* findPassWordViewController.m */; };
		C2192A7E1D54AAE700F8F6A4 /* GiveViewController.m in Sources */ = {isa = PBXBuildFile; fileRef = C2192A7D1D54AAE700F8F6A4 /* GiveViewController.m */; };
		C2192A811D54AB1100F8F6A4 /* TOPModel.m in Sources */ = {isa = PBXBuildFile; fileRef = C2192A801D54AB1100F8F6A4 /* TOPModel.m */; };
		C2192A841D54AB1C00F8F6A4 /* TOPTableViewCell.m in Sources */ = {isa = PBXBuildFile; fileRef = C2192A831D54AB1C00F8F6A4 /* TOPTableViewCell.m */; };
		C2192A871D54AB8400F8F6A4 /* GuessViewController.m in Sources */ = {isa = PBXBuildFile; fileRef = C2192A861D54AB8400F8F6A4 /* GuessViewController.m */; };
		C2192A8A1D54AB8D00F8F6A4 /* guessModel.m in Sources */ = {isa = PBXBuildFile; fileRef = C2192A891D54AB8D00F8F6A4 /* guessModel.m */; };
		C232630C1D55BA4C008F7751 /* YFAlert.m in Sources */ = {isa = PBXBuildFile; fileRef = C232630B1D55BA4C008F7751 /* YFAlert.m */; };
		C23263131D55DE74008F7751 /* sendSMS.m in Sources */ = {isa = PBXBuildFile; fileRef = C23263121D55DE74008F7751 /* sendSMS.m */; };
		C23263191D560E7E008F7751 /* login.m in Sources */ = {isa = PBXBuildFile; fileRef = C23263181D560E7E008F7751 /* login.m */; };
		C232631C1D560F54008F7751 /* userRegister.m in Sources */ = {isa = PBXBuildFile; fileRef = C232631B1D560F54008F7751 /* userRegister.m */; };
		C2487E341D4F44630085107B /* GGImagePageView.m in Sources */ = {isa = PBXBuildFile; fileRef = C2487E331D4F44630085107B /* GGImagePageView.m */; };
		C2487E361D4F447E0085107B /* 2.jpg in Resources */ = {isa = PBXBuildFile; fileRef = C2487E351D4F447E0085107B /* 2.jpg */; };
		C2487E3B1D4F47C60085107B /* unlock.png in Resources */ = {isa = PBXBuildFile; fileRef = C2487E3A1D4F47C60085107B /* unlock.png */; };
		C2487E511D4F4D780085107B /* active.png in Resources */ = {isa = PBXBuildFile; fileRef = C2487E3D1D4F4D780085107B /* active.png */; };
		C2487E521D4F4D780085107B /* banner.jpg in Resources */ = {isa = PBXBuildFile; fileRef = C2487E3E1D4F4D780085107B /* banner.jpg */; };
		C2487E531D4F4D780085107B /* banner.png in Resources */ = {isa = PBXBuildFile; fileRef = C2487E3F1D4F4D780085107B /* banner.png */; };
		C2487E541D4F4D780085107B /* contacts.png in Resources */ = {isa = PBXBuildFile; fileRef = C2487E401D4F4D780085107B /* contacts.png */; };
		C2487E551D4F4D780085107B /* help.png in Resources */ = {isa = PBXBuildFile; fileRef = C2487E411D4F4D780085107B /* help.png */; };
		C2487E561D4F4D780085107B /* home.png in Resources */ = {isa = PBXBuildFile; fileRef = C2487E421D4F4D780085107B /* home.png */; };
		C2487E571D4F4D780085107B /* magnifying.png in Resources */ = {isa = PBXBuildFile; fileRef = C2487E431D4F4D780085107B /* magnifying.png */; };
		C2487E581D4F4D780085107B /* me.png in Resources */ = {isa = PBXBuildFile; fileRef = C2487E441D4F4D780085107B /* me.png */; };
		C2487E591D4F4D780085107B /* message.png in Resources */ = {isa = PBXBuildFile; fileRef = C2487E451D4F4D780085107B /* message.png */; };
		C2487E5A1D4F4D780085107B /* message_05.png in Resources */ = {isa = PBXBuildFile; fileRef = C2487E461D4F4D780085107B /* message_05.png */; };
		C2487E5B1D4F4D780085107B /* seeAll.PNG in Resources */ = {isa = PBXBuildFile; fileRef = C2487E471D4F4D780085107B /* seeAll.PNG */; };
		C2487E5C1D4F4D780085107B /* t1.png in Resources */ = {isa = PBXBuildFile; fileRef = C2487E481D4F4D780085107B /* t1.png */; };
		C2487E5D1D4F4D780085107B /* t2.png in Resources */ = {isa = PBXBuildFile; fileRef = C2487E491D4F4D780085107B /* t2.png */; };
		C2487E5E1D4F4D780085107B /* t3.png in Resources */ = {isa = PBXBuildFile; fileRef = C2487E4A1D4F4D780085107B /* t3.png */; };
		C2487E5F1D4F4D780085107B /* tmp.jpg in Resources */ = {isa = PBXBuildFile; fileRef = C2487E4B1D4F4D780085107B /* tmp.jpg */; };
		C2487E601D4F4D780085107B /* tmp.png in Resources */ = {isa = PBXBuildFile; fileRef = C2487E4C1D4F4D780085107B /* tmp.png */; };
		C2487E611D4F4D780085107B /* top_bg.jpg in Resources */ = {isa = PBXBuildFile; fileRef = C2487E4D1D4F4D780085107B /* top_bg.jpg */; };
		C2487E621D4F4D780085107B /* top_bg.png in Resources */ = {isa = PBXBuildFile; fileRef = C2487E4E1D4F4D780085107B /* top_bg.png */; };
		C2487E631D4F4D780085107B /* vow.png in Resources */ = {isa = PBXBuildFile; fileRef = C2487E4F1D4F4D780085107B /* vow.png */; };
		C2487E641D4F4D780085107B /* z_active.png in Resources */ = {isa = PBXBuildFile; fileRef = C2487E501D4F4D780085107B /* z_active.png */; };
		C2487E671D4F565E0085107B /* giftTableViewCell.m in Sources */ = {isa = PBXBuildFile; fileRef = C2487E661D4F565E0085107B /* giftTableViewCell.m */; };
		C2567EDB1D582FE400A2FAD0 /* back.png in Resources */ = {isa = PBXBuildFile; fileRef = C2567EC01D582FE400A2FAD0 /* back.png */; };
		C2567EDC1D582FE400A2FAD0 /* bammer_01.png in Resources */ = {isa = PBXBuildFile; fileRef = C2567EC11D582FE400A2FAD0 /* bammer_01.png */; };
		C2567EDD1D582FE400A2FAD0 /* gonglue_04.png in Resources */ = {isa = PBXBuildFile; fileRef = C2567EC21D582FE400A2FAD0 /* gonglue_04.png */; };
		C2567EDE1D582FE400A2FAD0 /* share.png in Resources */ = {isa = PBXBuildFile; fileRef = C2567EC31D582FE400A2FAD0 /* share.png */; };
		C2567EDF1D582FE400A2FAD0 /* d.png in Resources */ = {isa = PBXBuildFile; fileRef = C2567EC51D582FE400A2FAD0 /* d.png */; };
		C2567EE01D582FE400A2FAD0 /* d_active.png in Resources */ = {isa = PBXBuildFile; fileRef = C2567EC61D582FE400A2FAD0 /* d_active.png */; };
		C2567EE11D582FE400A2FAD0 /* denglu_btn_03.png in Resources */ = {isa = PBXBuildFile; fileRef = C2567EC71D582FE400A2FAD0 /* denglu_btn_03.png */; };
		C2567EE21D582FE400A2FAD0 /* lock_03.png in Resources */ = {isa = PBXBuildFile; fileRef = C2567EC81D582FE400A2FAD0 /* lock_03.png */; };
		C2567EE31D582FE400A2FAD0 /* phone_03.png in Resources */ = {isa = PBXBuildFile; fileRef = C2567EC91D582FE400A2FAD0 /* phone_03.png */; };
		C2567EE41D582FE400A2FAD0 /* phone_06.png in Resources */ = {isa = PBXBuildFile; fileRef = C2567ECA1D582FE400A2FAD0 /* phone_06.png */; };
		C2567EE51D582FE400A2FAD0 /* tou_03.png in Resources */ = {isa = PBXBuildFile; fileRef = C2567ECB1D582FE400A2FAD0 /* tou_03.png */; };
		C2567EE61D582FE400A2FAD0 /* x_03.png in Resources */ = {isa = PBXBuildFile; fileRef = C2567ECC1D582FE400A2FAD0 /* x_03.png */; };
		C2567EE71D582FE400A2FAD0 /* xinfeng.png in Resources */ = {isa = PBXBuildFile; fileRef = C2567ECD1D582FE400A2FAD0 /* xinfeng.png */; };
		C2567EE81D582FE400A2FAD0 /* 密码登录.png in Resources */ = {isa = PBXBuildFile; fileRef = C2567ECE1D582FE400A2FAD0 /* 密码登录.png */; };
		C2567EE91D582FE400A2FAD0 /* 12_07.png in Resources */ = {isa = PBXBuildFile; fileRef = C2567ED11D582FE400A2FAD0 /* 12_07.png */; };
		C2567EEA1D582FE400A2FAD0 /* 12_07副本.png in Resources */ = {isa = PBXBuildFile; fileRef = C2567ED21D582FE400A2FAD0 /* 12_07副本.png */; };
		C2567EEB1D582FE400A2FAD0 /* 1_03.png in Resources */ = {isa = PBXBuildFile; fileRef = C2567ED31D582FE400A2FAD0 /* 1_03.png */; };
		C2567EEC1D582FE400A2FAD0 /* 3332_02.png in Resources */ = {isa = PBXBuildFile; fileRef = C2567ED41D582FE400A2FAD0 /* 3332_02.png */; };
		C2567EED1D582FE400A2FAD0 /* 热门psd_11.png in Resources */ = {isa = PBXBuildFile; fileRef = C2567ED51D582FE400A2FAD0 /* 热门psd_11.png */; };
		C2567EEE1D582FE400A2FAD0 /* kongjian.png in Resources */ = {isa = PBXBuildFile; fileRef = C2567ED71D582FE400A2FAD0 /* kongjian.png */; };
		C2567EEF1D582FE400A2FAD0 /* QQ.png in Resources */ = {isa = PBXBuildFile; fileRef = C2567ED81D582FE400A2FAD0 /* QQ.png */; };
		C2567EF01D582FE400A2FAD0 /* quan.png in Resources */ = {isa = PBXBuildFile; fileRef = C2567ED91D582FE400A2FAD0 /* quan.png */; };
		C2567EF11D582FE400A2FAD0 /* weixin.png in Resources */ = {isa = PBXBuildFile; fileRef = C2567EDA1D582FE400A2FAD0 /* weixin.png */; };
		C2B605911D587B8400110E39 /* detailViewController.m in Sources */ = {isa = PBXBuildFile; fileRef = C2B605901D587B8400110E39 /* detailViewController.m */; };
		C2B605A01D58AEB400110E39 /* bg_05.png in Resources */ = {isa = PBXBuildFile; fileRef = C2B6059B1D58AEB400110E39 /* bg_05.png */; };
		C2B605A11D58AEB400110E39 /* bgg_07.png in Resources */ = {isa = PBXBuildFile; fileRef = C2B6059C1D58AEB400110E39 /* bgg_07.png */; };
		C2B605A21D58AEB400110E39 /* bgg_11.png in Resources */ = {isa = PBXBuildFile; fileRef = C2B6059D1D58AEB400110E39 /* bgg_11.png */; };
		C2B605A31D58AEB400110E39 /* choose.png in Resources */ = {isa = PBXBuildFile; fileRef = C2B6059E1D58AEB400110E39 /* choose.png */; };
		C2B605A41D58AEB400110E39 /* more.png in Resources */ = {isa = PBXBuildFile; fileRef = C2B6059F1D58AEB400110E39 /* more.png */; };
		C2B605A61D58AEE700110E39 /* 手链.png in Resources */ = {isa = PBXBuildFile; fileRef = C2B605A51D58AEE700110E39 /* 手链.png */; };
		E8D19DF3CF495B076A7799E1 /* libPods-LiyiTong.a in Frameworks */ = {isa = PBXBuildFile; fileRef = BC81BE6512EA60F4A7EF5858 /* libPods-LiyiTong.a */; };
		FB2F6F481D545FE900FF5D14 /* LYTAlertView.m in Sources */ = {isa = PBXBuildFile; fileRef = FB2F6F471D545FE900FF5D14 /* LYTAlertView.m */; };
		FB2F6F4B1D546CFC00FF5D14 /* CheckPhone.m in Sources */ = {isa = PBXBuildFile; fileRef = FB2F6F4A1D546CFC00FF5D14 /* CheckPhone.m */; };
		FB47D6441D485D01008EE4D6 /* AppDelegate.m in Sources */ = {isa = PBXBuildFile; fileRef = FB47D63D1D485D01008EE4D6 /* AppDelegate.m */; };
		FB47D6461D485D01008EE4D6 /* main.m in Sources */ = {isa = PBXBuildFile; fileRef = FB47D6411D485D01008EE4D6 /* main.m */; };
		FB47D64B1D486128008EE4D6 /* MainViewController.m in Sources */ = {isa = PBXBuildFile; fileRef = FB47D64A1D486128008EE4D6 /* MainViewController.m */; };
		FB47D64E1D486251008EE4D6 /* LytNavigationViewController.m in Sources */ = {isa = PBXBuildFile; fileRef = FB47D64D1D486251008EE4D6 /* LytNavigationViewController.m */; };
		FB47D6661D48693D008EE4D6 /* bangbangViewController.m in Sources */ = {isa = PBXBuildFile; fileRef = FB47D6651D48693D008EE4D6 /* bangbangViewController.m */; };
		FB47D6691D486964008EE4D6 /* ConnectionViewController.m in Sources */ = {isa = PBXBuildFile; fileRef = FB47D6681D486964008EE4D6 /* ConnectionViewController.m */; };
		FB47D66C1D486978008EE4D6 /* HomeViewController.m in Sources */ = {isa = PBXBuildFile; fileRef = FB47D66B1D486978008EE4D6 /* HomeViewController.m */; };
		FB47D66F1D48698B008EE4D6 /* MeViewController.m in Sources */ = {isa = PBXBuildFile; fileRef = FB47D66E1D48698B008EE4D6 /* MeViewController.m */; };
		FB47D6721D48699B008EE4D6 /* WishViewController.m in Sources */ = {isa = PBXBuildFile; fileRef = FB47D6711D48699B008EE4D6 /* WishViewController.m */; };
		FB47D6751D487CA1008EE4D6 /* SelectedView.m in Sources */ = {isa = PBXBuildFile; fileRef = FB47D6741D487CA1008EE4D6 /* SelectedView.m */; };
		FB47D6791D487D54008EE4D6 /* UIView+SLExtension.m in Sources */ = {isa = PBXBuildFile; fileRef = FB47D6781D487D54008EE4D6 /* UIView+SLExtension.m */; };
		FB47D67E1D4882FB008EE4D6 /* Constant.m in Sources */ = {isa = PBXBuildFile; fileRef = FB47D67D1D4882FB008EE4D6 /* Constant.m */; };
		FB47D6931D4885E6008EE4D6 /* giftStrategyViewController.m in Sources */ = {isa = PBXBuildFile; fileRef = FB47D6921D4885E6008EE4D6 /* giftStrategyViewController.m */; };
		FB47D7001D48935C008EE4D6 /* MASCompositeConstraint.m in Sources */ = {isa = PBXBuildFile; fileRef = FB47D6E81D48935C008EE4D6 /* MASCompositeConstraint.m */; };
		FB47D7011D48935C008EE4D6 /* MASConstraint.m in Sources */ = {isa = PBXBuildFile; fileRef = FB47D6EB1D48935C008EE4D6 /* MASConstraint.m */; };
		FB47D7021D48935C008EE4D6 /* MASConstraintMaker.m in Sources */ = {isa = PBXBuildFile; fileRef = FB47D6ED1D48935C008EE4D6 /* MASConstraintMaker.m */; };
		FB47D7031D48935C008EE4D6 /* MASLayoutConstraint.m in Sources */ = {isa = PBXBuildFile; fileRef = FB47D6EF1D48935C008EE4D6 /* MASLayoutConstraint.m */; };
		FB47D7041D48935C008EE4D6 /* MASViewAttribute.m in Sources */ = {isa = PBXBuildFile; fileRef = FB47D6F31D48935C008EE4D6 /* MASViewAttribute.m */; };
		FB47D7051D48935C008EE4D6 /* MASViewConstraint.m in Sources */ = {isa = PBXBuildFile; fileRef = FB47D6F51D48935C008EE4D6 /* MASViewConstraint.m */; };
		FB47D7061D48935C008EE4D6 /* NSArray+MASAdditions.m in Sources */ = {isa = PBXBuildFile; fileRef = FB47D6F71D48935C008EE4D6 /* NSArray+MASAdditions.m */; };
		FB47D7071D48935C008EE4D6 /* NSLayoutConstraint+MASDebugAdditions.m in Sources */ = {isa = PBXBuildFile; fileRef = FB47D6FA1D48935C008EE4D6 /* NSLayoutConstraint+MASDebugAdditions.m */; };
		FB47D7081D48935C008EE4D6 /* View+MASAdditions.m in Sources */ = {isa = PBXBuildFile; fileRef = FB47D6FC1D48935C008EE4D6 /* View+MASAdditions.m */; };
		FB47D7091D48935C008EE4D6 /* ViewController+MASAdditions.m in Sources */ = {isa = PBXBuildFile; fileRef = FB47D6FF1D48935C008EE4D6 /* ViewController+MASAdditions.m */; };
		FB4E3BE91D53F49C00FA78D5 /* Order.m in Sources */ = {isa = PBXBuildFile; fileRef = FB4E3BE81D53F49C00FA78D5 /* Order.m */; };
		FB4E3BEE1D5433AB00FA78D5 /* LYTAfnetworkingManager.m in Sources */ = {isa = PBXBuildFile; fileRef = FB4E3BED1D5433AB00FA78D5 /* LYTAfnetworkingManager.m */; };
		FB4E3BF11D5434BC00FA78D5 /* LYTAFRequest.m in Sources */ = {isa = PBXBuildFile; fileRef = FB4E3BF01D5434BC00FA78D5 /* LYTAFRequest.m */; };
		FB4E3BF71D543BCB00FA78D5 /* NSObject+LYTHUD.m in Sources */ = {isa = PBXBuildFile; fileRef = FB4E3BF41D543BCB00FA78D5 /* NSObject+LYTHUD.m */; };
		FB4E3BF81D543BCB00FA78D5 /* UIViewController+SLHUD.m in Sources */ = {isa = PBXBuildFile; fileRef = FB4E3BF61D543BCB00FA78D5 /* UIViewController+SLHUD.m */; };
		FB58F9681D4846A500C207DD /* Main.storyboard in Resources */ = {isa = PBXBuildFile; fileRef = FB58F9661D4846A500C207DD /* Main.storyboard */; };
		FB58F96D1D4846A500C207DD /* LaunchScreen.storyboard in Resources */ = {isa = PBXBuildFile; fileRef = FB58F96B1D4846A500C207DD /* LaunchScreen.storyboard */; };
		FB58F9781D4846A500C207DD /* LiyiTongTests.m in Sources */ = {isa = PBXBuildFile; fileRef = FB58F9771D4846A500C207DD /* LiyiTongTests.m */; };
		FB58F9831D4846A500C207DD /* LiyiTongUITests.m in Sources */ = {isa = PBXBuildFile; fileRef = FB58F9821D4846A500C207DD /* LiyiTongUITests.m */; };
		FB5CA1D71D50313200BD9CD7 /* Assets.xcassets in Resources */ = {isa = PBXBuildFile; fileRef = FB5CA1D61D50313200BD9CD7 /* Assets.xcassets */; };
		FBF322AC1D5486A4005CCA00 /* Info.plist in Resources */ = {isa = PBXBuildFile; fileRef = FBF322AB1D5486A4005CCA00 /* Info.plist */; };
		FBF513391D520E2500AB88F2 /* confrimOrderViewController.m in Sources */ = {isa = PBXBuildFile; fileRef = FBF513371D520E2500AB88F2 /* confrimOrderViewController.m */; };
		FBF5133C1D52E99700AB88F2 /* confrimOrderViewController.storyboard in Resources */ = {isa = PBXBuildFile; fileRef = FBF5133B1D52E99700AB88F2 /* confrimOrderViewController.storyboard */; };
/* End PBXBuildFile section */

/* Begin PBXContainerItemProxy section */
		FB58F9741D4846A500C207DD /* PBXContainerItemProxy */ = {
			isa = PBXContainerItemProxy;
			containerPortal = FB58F9521D4846A500C207DD /* Project object */;
			proxyType = 1;
			remoteGlobalIDString = FB58F9591D4846A500C207DD;
			remoteInfo = LiyiTong;
		};
		FB58F97F1D4846A500C207DD /* PBXContainerItemProxy */ = {
			isa = PBXContainerItemProxy;
			containerPortal = FB58F9521D4846A500C207DD /* Project object */;
			proxyType = 1;
			remoteGlobalIDString = FB58F9591D4846A500C207DD;
			remoteInfo = LiyiTong;
		};
/* End PBXContainerItemProxy section */

/* Begin PBXFileReference section */
		BC81BE6512EA60F4A7EF5858 /* libPods-LiyiTong.a */ = {isa = PBXFileReference; explicitFileType = archive.ar; includeInIndex = 0; path = "libPods-LiyiTong.a"; sourceTree = BUILT_PRODUCTS_DIR; };
		C20834BE1D59B1CB00E1AC2E /* ChoseView.h */ = {isa = PBXFileReference; fileEncoding = 4; lastKnownFileType = sourcecode.c.h; path = ChoseView.h; sourceTree = "<group>"; };
		C20834BF1D59B1CB00E1AC2E /* ChoseView.m */ = {isa = PBXFileReference; fileEncoding = 4; lastKnownFileType = sourcecode.c.objc; path = ChoseView.m; sourceTree = "<group>"; };
		C20834C01D59B1CB00E1AC2E /* TypeView.h */ = {isa = PBXFileReference; fileEncoding = 4; lastKnownFileType = sourcecode.c.h; path = TypeView.h; sourceTree = "<group>"; };
		C20834C11D59B1CB00E1AC2E /* TypeView.m */ = {isa = PBXFileReference; fileEncoding = 4; lastKnownFileType = sourcecode.c.objc; path = TypeView.m; sourceTree = "<group>"; };
		C20834C51D59B45300E1AC2E /* 1.jpg */ = {isa = PBXFileReference; lastKnownFileType = image.jpeg; path = 1.jpg; sourceTree = "<group>"; };
		C20834C61D59B45300E1AC2E /* 2.jpg */ = {isa = PBXFileReference; lastKnownFileType = image.jpeg; path = 2.jpg; sourceTree = "<group>"; };
		C20834C71D59B45300E1AC2E /* 3.jpg */ = {isa = PBXFileReference; lastKnownFileType = image.jpeg; path = 3.jpg; sourceTree = "<group>"; };
		C20834C81D59B45300E1AC2E /* 4.jpg */ = {isa = PBXFileReference; lastKnownFileType = image.jpeg; path = 4.jpg; sourceTree = "<group>"; };
		C20834C91D59B45300E1AC2E /* close@3x.png */ = {isa = PBXFileReference; lastKnownFileType = image.png; path = "close@3x.png"; sourceTree = "<group>"; };
		C20834CF1D59B46100E1AC2E /* stock.plist */ = {isa = PBXFileReference; fileEncoding = 4; lastKnownFileType = text.plist.xml; path = stock.plist; sourceTree = "<group>"; };
		C20835921D5A12FE00E1AC2E /* 人脉-节日提醒_02.png */ = {isa = PBXFileReference; lastKnownFileType = image.png; path = "人脉-节日提醒_02.png"; sourceTree = "<group>"; };
		C20835941D5A149D00E1AC2E /* ChineseToPinyin.h */ = {isa = PBXFileReference; fileEncoding = 4; lastKnownFileType = sourcecode.c.h; path = ChineseToPinyin.h; sourceTree = "<group>"; };
		C20835951D5A149D00E1AC2E /* ChineseToPinyin.m */ = {isa = PBXFileReference; fileEncoding = 4; lastKnownFileType = sourcecode.c.objc; path = ChineseToPinyin.m; sourceTree = "<group>"; };
		C20835971D5A15F700E1AC2E /* HeaderView.h */ = {isa = PBXFileReference; fileEncoding = 4; lastKnownFileType = sourcecode.c.h; path = HeaderView.h; sourceTree = "<group>"; };
		C20835981D5A15F700E1AC2E /* HeaderView.m */ = {isa = PBXFileReference; fileEncoding = 4; lastKnownFileType = sourcecode.c.objc; path = HeaderView.m; sourceTree = "<group>"; };
		C208359A1D5B068800E1AC2E /* laopo.png */ = {isa = PBXFileReference; lastKnownFileType = image.png; path = laopo.png; sourceTree = "<group>"; };
		C2192A351D54A7FB00F8F6A4 /* YFActionSheet.h */ = {isa = PBXFileReference; fileEncoding = 4; lastKnownFileType = sourcecode.c.h; path = YFActionSheet.h; sourceTree = "<group>"; };
		C2192A361D54A7FB00F8F6A4 /* YFActionSheet.m */ = {isa = PBXFileReference; fileEncoding = 4; lastKnownFileType = sourcecode.c.objc; path = YFActionSheet.m; sourceTree = "<group>"; };
		C2192A371D54A7FB00F8F6A4 /* YFActionSheetItem.h */ = {isa = PBXFileReference; fileEncoding = 4; lastKnownFileType = sourcecode.c.h; path = YFActionSheetItem.h; sourceTree = "<group>"; };
		C2192A381D54A7FB00F8F6A4 /* YFActionSheetItem.m */ = {isa = PBXFileReference; fileEncoding = 4; lastKnownFileType = sourcecode.c.objc; path = YFActionSheetItem.m; sourceTree = "<group>"; };
		C2192A3B1D54A80300F8F6A4 /* strategyTableViewCell.h */ = {isa = PBXFileReference; fileEncoding = 4; lastKnownFileType = sourcecode.c.h; path = strategyTableViewCell.h; sourceTree = "<group>"; };
		C2192A3C1D54A80300F8F6A4 /* strategyTableViewCell.m */ = {isa = PBXFileReference; fileEncoding = 4; lastKnownFileType = sourcecode.c.objc; path = strategyTableViewCell.m; sourceTree = "<group>"; };
		C2192A3E1D54A80E00F8F6A4 /* strategyViewController.h */ = {isa = PBXFileReference; fileEncoding = 4; lastKnownFileType = sourcecode.c.h; path = strategyViewController.h; sourceTree = "<group>"; };
		C2192A3F1D54A80E00F8F6A4 /* strategyViewController.m */ = {isa = PBXFileReference; fileEncoding = 4; lastKnownFileType = sourcecode.c.objc; path = strategyViewController.m; sourceTree = "<group>"; };
		C2192A431D54A95D00F8F6A4 /* loginViewController.h */ = {isa = PBXFileReference; fileEncoding = 4; lastKnownFileType = sourcecode.c.h; path = loginViewController.h; sourceTree = "<group>"; };
		C2192A441D54A95D00F8F6A4 /* loginViewController.m */ = {isa = PBXFileReference; fileEncoding = 4; lastKnownFileType = sourcecode.c.objc; path = loginViewController.m; sourceTree = "<group>"; };
		C2192A451D54A95D00F8F6A4 /* findPassWordViewController.h */ = {isa = PBXFileReference; fileEncoding = 4; lastKnownFileType = sourcecode.c.h; path = findPassWordViewController.h; sourceTree = "<group>"; };
		C2192A461D54A95D00F8F6A4 /* findPassWordViewController.m */ = {isa = PBXFileReference; fileEncoding = 4; lastKnownFileType = sourcecode.c.objc; path = findPassWordViewController.m; sourceTree = "<group>"; };
		C2192A7C1D54AAE700F8F6A4 /* GiveViewController.h */ = {isa = PBXFileReference; fileEncoding = 4; lastKnownFileType = sourcecode.c.h; path = GiveViewController.h; sourceTree = "<group>"; };
		C2192A7D1D54AAE700F8F6A4 /* GiveViewController.m */ = {isa = PBXFileReference; fileEncoding = 4; lastKnownFileType = sourcecode.c.objc; path = GiveViewController.m; sourceTree = "<group>"; };
		C2192A7F1D54AB1100F8F6A4 /* TOPModel.h */ = {isa = PBXFileReference; fileEncoding = 4; lastKnownFileType = sourcecode.c.h; path = TOPModel.h; sourceTree = "<group>"; };
		C2192A801D54AB1100F8F6A4 /* TOPModel.m */ = {isa = PBXFileReference; fileEncoding = 4; lastKnownFileType = sourcecode.c.objc; path = TOPModel.m; sourceTree = "<group>"; };
		C2192A821D54AB1C00F8F6A4 /* TOPTableViewCell.h */ = {isa = PBXFileReference; fileEncoding = 4; lastKnownFileType = sourcecode.c.h; path = TOPTableViewCell.h; sourceTree = "<group>"; };
		C2192A831D54AB1C00F8F6A4 /* TOPTableViewCell.m */ = {isa = PBXFileReference; fileEncoding = 4; lastKnownFileType = sourcecode.c.objc; path = TOPTableViewCell.m; sourceTree = "<group>"; };
		C2192A851D54AB8400F8F6A4 /* GuessViewController.h */ = {isa = PBXFileReference; fileEncoding = 4; lastKnownFileType = sourcecode.c.h; path = GuessViewController.h; sourceTree = "<group>"; };
		C2192A861D54AB8400F8F6A4 /* GuessViewController.m */ = {isa = PBXFileReference; fileEncoding = 4; lastKnownFileType = sourcecode.c.objc; path = GuessViewController.m; sourceTree = "<group>"; };
		C2192A881D54AB8D00F8F6A4 /* guessModel.h */ = {isa = PBXFileReference; fileEncoding = 4; lastKnownFileType = sourcecode.c.h; path = guessModel.h; sourceTree = "<group>"; };
		C2192A891D54AB8D00F8F6A4 /* guessModel.m */ = {isa = PBXFileReference; fileEncoding = 4; lastKnownFileType = sourcecode.c.objc; path = guessModel.m; sourceTree = "<group>"; };
		C232630A1D55BA4C008F7751 /* YFAlert.h */ = {isa = PBXFileReference; fileEncoding = 4; lastKnownFileType = sourcecode.c.h; path = YFAlert.h; sourceTree = "<group>"; };
		C232630B1D55BA4C008F7751 /* YFAlert.m */ = {isa = PBXFileReference; fileEncoding = 4; lastKnownFileType = sourcecode.c.objc; path = YFAlert.m; sourceTree = "<group>"; };
		C23263111D55DE74008F7751 /* sendSMS.h */ = {isa = PBXFileReference; fileEncoding = 4; lastKnownFileType = sourcecode.c.h; path = sendSMS.h; sourceTree = "<group>"; };
		C23263121D55DE74008F7751 /* sendSMS.m */ = {isa = PBXFileReference; fileEncoding = 4; lastKnownFileType = sourcecode.c.objc; path = sendSMS.m; sourceTree = "<group>"; };
		C23263171D560E7E008F7751 /* login.h */ = {isa = PBXFileReference; fileEncoding = 4; lastKnownFileType = sourcecode.c.h; path = login.h; sourceTree = "<group>"; };
		C23263181D560E7E008F7751 /* login.m */ = {isa = PBXFileReference; fileEncoding = 4; lastKnownFileType = sourcecode.c.objc; path = login.m; sourceTree = "<group>"; };
		C232631A1D560F54008F7751 /* userRegister.h */ = {isa = PBXFileReference; fileEncoding = 4; lastKnownFileType = sourcecode.c.h; path = userRegister.h; sourceTree = "<group>"; };
		C232631B1D560F54008F7751 /* userRegister.m */ = {isa = PBXFileReference; fileEncoding = 4; lastKnownFileType = sourcecode.c.objc; path = userRegister.m; sourceTree = "<group>"; };
		C2487E321D4F44630085107B /* GGImagePageView.h */ = {isa = PBXFileReference; fileEncoding = 4; lastKnownFileType = sourcecode.c.h; path = GGImagePageView.h; sourceTree = "<group>"; };
		C2487E331D4F44630085107B /* GGImagePageView.m */ = {isa = PBXFileReference; fileEncoding = 4; lastKnownFileType = sourcecode.c.objc; path = GGImagePageView.m; sourceTree = "<group>"; };
		C2487E351D4F447E0085107B /* 2.jpg */ = {isa = PBXFileReference; lastKnownFileType = image.jpeg; path = 2.jpg; sourceTree = "<group>"; };
		C2487E3A1D4F47C60085107B /* unlock.png */ = {isa = PBXFileReference; lastKnownFileType = image.png; path = unlock.png; sourceTree = "<group>"; };
		C2487E3D1D4F4D780085107B /* active.png */ = {isa = PBXFileReference; lastKnownFileType = image.png; path = active.png; sourceTree = "<group>"; };
		C2487E3E1D4F4D780085107B /* banner.jpg */ = {isa = PBXFileReference; lastKnownFileType = image.jpeg; path = banner.jpg; sourceTree = "<group>"; };
		C2487E3F1D4F4D780085107B /* banner.png */ = {isa = PBXFileReference; lastKnownFileType = image.png; path = banner.png; sourceTree = "<group>"; };
		C2487E401D4F4D780085107B /* contacts.png */ = {isa = PBXFileReference; lastKnownFileType = image.png; path = contacts.png; sourceTree = "<group>"; };
		C2487E411D4F4D780085107B /* help.png */ = {isa = PBXFileReference; lastKnownFileType = image.png; path = help.png; sourceTree = "<group>"; };
		C2487E421D4F4D780085107B /* home.png */ = {isa = PBXFileReference; lastKnownFileType = image.png; path = home.png; sourceTree = "<group>"; };
		C2487E431D4F4D780085107B /* magnifying.png */ = {isa = PBXFileReference; lastKnownFileType = image.png; path = magnifying.png; sourceTree = "<group>"; };
		C2487E441D4F4D780085107B /* me.png */ = {isa = PBXFileReference; lastKnownFileType = image.png; path = me.png; sourceTree = "<group>"; };
		C2487E451D4F4D780085107B /* message.png */ = {isa = PBXFileReference; lastKnownFileType = image.png; path = message.png; sourceTree = "<group>"; };
		C2487E461D4F4D780085107B /* message_05.png */ = {isa = PBXFileReference; lastKnownFileType = image.png; path = message_05.png; sourceTree = "<group>"; };
		C2487E471D4F4D780085107B /* seeAll.PNG */ = {isa = PBXFileReference; lastKnownFileType = image.png; path = seeAll.PNG; sourceTree = "<group>"; };
		C2487E481D4F4D780085107B /* t1.png */ = {isa = PBXFileReference; lastKnownFileType = image.png; path = t1.png; sourceTree = "<group>"; };
		C2487E491D4F4D780085107B /* t2.png */ = {isa = PBXFileReference; lastKnownFileType = image.png; path = t2.png; sourceTree = "<group>"; };
		C2487E4A1D4F4D780085107B /* t3.png */ = {isa = PBXFileReference; lastKnownFileType = image.png; path = t3.png; sourceTree = "<group>"; };
		C2487E4B1D4F4D780085107B /* tmp.jpg */ = {isa = PBXFileReference; lastKnownFileType = image.jpeg; path = tmp.jpg; sourceTree = "<group>"; };
		C2487E4C1D4F4D780085107B /* tmp.png */ = {isa = PBXFileReference; lastKnownFileType = image.png; path = tmp.png; sourceTree = "<group>"; };
		C2487E4D1D4F4D780085107B /* top_bg.jpg */ = {isa = PBXFileReference; lastKnownFileType = image.jpeg; path = top_bg.jpg; sourceTree = "<group>"; };
		C2487E4E1D4F4D780085107B /* top_bg.png */ = {isa = PBXFileReference; lastKnownFileType = image.png; path = top_bg.png; sourceTree = "<group>"; };
		C2487E4F1D4F4D780085107B /* vow.png */ = {isa = PBXFileReference; lastKnownFileType = image.png; path = vow.png; sourceTree = "<group>"; };
		C2487E501D4F4D780085107B /* z_active.png */ = {isa = PBXFileReference; lastKnownFileType = image.png; path = z_active.png; sourceTree = "<group>"; };
		C2487E651D4F565E0085107B /* giftTableViewCell.h */ = {isa = PBXFileReference; fileEncoding = 4; lastKnownFileType = sourcecode.c.h; path = giftTableViewCell.h; sourceTree = "<group>"; };
		C2487E661D4F565E0085107B /* giftTableViewCell.m */ = {isa = PBXFileReference; fileEncoding = 4; lastKnownFileType = sourcecode.c.objc; path = giftTableViewCell.m; sourceTree = "<group>"; };
		C2567EC01D582FE400A2FAD0 /* back.png */ = {isa = PBXFileReference; lastKnownFileType = image.png; path = back.png; sourceTree = "<group>"; };
		C2567EC11D582FE400A2FAD0 /* bammer_01.png */ = {isa = PBXFileReference; lastKnownFileType = image.png; path = bammer_01.png; sourceTree = "<group>"; };
		C2567EC21D582FE400A2FAD0 /* gonglue_04.png */ = {isa = PBXFileReference; lastKnownFileType = image.png; path = gonglue_04.png; sourceTree = "<group>"; };
		C2567EC31D582FE400A2FAD0 /* share.png */ = {isa = PBXFileReference; lastKnownFileType = image.png; path = share.png; sourceTree = "<group>"; };
		C2567EC51D582FE400A2FAD0 /* d.png */ = {isa = PBXFileReference; lastKnownFileType = image.png; path = d.png; sourceTree = "<group>"; };
		C2567EC61D582FE400A2FAD0 /* d_active.png */ = {isa = PBXFileReference; lastKnownFileType = image.png; path = d_active.png; sourceTree = "<group>"; };
		C2567EC71D582FE400A2FAD0 /* denglu_btn_03.png */ = {isa = PBXFileReference; lastKnownFileType = image.png; path = denglu_btn_03.png; sourceTree = "<group>"; };
		C2567EC81D582FE400A2FAD0 /* lock_03.png */ = {isa = PBXFileReference; lastKnownFileType = image.png; path = lock_03.png; sourceTree = "<group>"; };
		C2567EC91D582FE400A2FAD0 /* phone_03.png */ = {isa = PBXFileReference; lastKnownFileType = image.png; path = phone_03.png; sourceTree = "<group>"; };
		C2567ECA1D582FE400A2FAD0 /* phone_06.png */ = {isa = PBXFileReference; lastKnownFileType = image.png; path = phone_06.png; sourceTree = "<group>"; };
		C2567ECB1D582FE400A2FAD0 /* tou_03.png */ = {isa = PBXFileReference; lastKnownFileType = image.png; path = tou_03.png; sourceTree = "<group>"; };
		C2567ECC1D582FE400A2FAD0 /* x_03.png */ = {isa = PBXFileReference; lastKnownFileType = image.png; path = x_03.png; sourceTree = "<group>"; };
		C2567ECD1D582FE400A2FAD0 /* xinfeng.png */ = {isa = PBXFileReference; lastKnownFileType = image.png; path = xinfeng.png; sourceTree = "<group>"; };
		C2567ECE1D582FE400A2FAD0 /* 密码登录.png */ = {isa = PBXFileReference; lastKnownFileType = image.png; path = "密码登录.png"; sourceTree = "<group>"; };
		C2567ED11D582FE400A2FAD0 /* 12_07.png */ = {isa = PBXFileReference; lastKnownFileType = image.png; path = 12_07.png; sourceTree = "<group>"; };
		C2567ED21D582FE400A2FAD0 /* 12_07副本.png */ = {isa = PBXFileReference; lastKnownFileType = image.png; path = "12_07副本.png"; sourceTree = "<group>"; };
		C2567ED31D582FE400A2FAD0 /* 1_03.png */ = {isa = PBXFileReference; lastKnownFileType = image.png; path = 1_03.png; sourceTree = "<group>"; };
		C2567ED41D582FE400A2FAD0 /* 3332_02.png */ = {isa = PBXFileReference; lastKnownFileType = image.png; path = 3332_02.png; sourceTree = "<group>"; };
		C2567ED51D582FE400A2FAD0 /* 热门psd_11.png */ = {isa = PBXFileReference; lastKnownFileType = image.png; path = "热门psd_11.png"; sourceTree = "<group>"; };
		C2567ED71D582FE400A2FAD0 /* kongjian.png */ = {isa = PBXFileReference; lastKnownFileType = image.png; path = kongjian.png; sourceTree = "<group>"; };
		C2567ED81D582FE400A2FAD0 /* QQ.png */ = {isa = PBXFileReference; lastKnownFileType = image.png; path = QQ.png; sourceTree = "<group>"; };
		C2567ED91D582FE400A2FAD0 /* quan.png */ = {isa = PBXFileReference; lastKnownFileType = image.png; path = quan.png; sourceTree = "<group>"; };
		C2567EDA1D582FE400A2FAD0 /* weixin.png */ = {isa = PBXFileReference; lastKnownFileType = image.png; path = weixin.png; sourceTree = "<group>"; };
		C2B6058F1D587B8400110E39 /* detailViewController.h */ = {isa = PBXFileReference; fileEncoding = 4; lastKnownFileType = sourcecode.c.h; path = detailViewController.h; sourceTree = "<group>"; };
		C2B605901D587B8400110E39 /* detailViewController.m */ = {isa = PBXFileReference; fileEncoding = 4; lastKnownFileType = sourcecode.c.objc; path = detailViewController.m; sourceTree = "<group>"; };
		C2B6059B1D58AEB400110E39 /* bg_05.png */ = {isa = PBXFileReference; lastKnownFileType = image.png; path = bg_05.png; sourceTree = "<group>"; };
		C2B6059C1D58AEB400110E39 /* bgg_07.png */ = {isa = PBXFileReference; lastKnownFileType = image.png; path = bgg_07.png; sourceTree = "<group>"; };
		C2B6059D1D58AEB400110E39 /* bgg_11.png */ = {isa = PBXFileReference; lastKnownFileType = image.png; path = bgg_11.png; sourceTree = "<group>"; };
		C2B6059E1D58AEB400110E39 /* choose.png */ = {isa = PBXFileReference; lastKnownFileType = image.png; path = choose.png; sourceTree = "<group>"; };
		C2B6059F1D58AEB400110E39 /* more.png */ = {isa = PBXFileReference; lastKnownFileType = image.png; path = more.png; sourceTree = "<group>"; };
		C2B605A51D58AEE700110E39 /* 手链.png */ = {isa = PBXFileReference; lastKnownFileType = image.png; path = "手链.png"; sourceTree = "<group>"; };
		C4F53843F46E2B2802D8E641 /* Pods-LiyiTong.debug.xcconfig */ = {isa = PBXFileReference; includeInIndex = 1; lastKnownFileType = text.xcconfig; name = "Pods-LiyiTong.debug.xcconfig"; path = "Pods/Target Support Files/Pods-LiyiTong/Pods-LiyiTong.debug.xcconfig"; sourceTree = "<group>"; };
		DFB8B417ACA1A68B14756E6A /* Pods-LiyiTong.release.xcconfig */ = {isa = PBXFileReference; includeInIndex = 1; lastKnownFileType = text.xcconfig; name = "Pods-LiyiTong.release.xcconfig"; path = "Pods/Target Support Files/Pods-LiyiTong/Pods-LiyiTong.release.xcconfig"; sourceTree = "<group>"; };
		FB2F6F461D545FE900FF5D14 /* LYTAlertView.h */ = {isa = PBXFileReference; fileEncoding = 4; lastKnownFileType = sourcecode.c.h; path = LYTAlertView.h; sourceTree = "<group>"; };
		FB2F6F471D545FE900FF5D14 /* LYTAlertView.m */ = {isa = PBXFileReference; fileEncoding = 4; lastKnownFileType = sourcecode.c.objc; path = LYTAlertView.m; sourceTree = "<group>"; };
		FB2F6F491D546CFC00FF5D14 /* CheckPhone.h */ = {isa = PBXFileReference; fileEncoding = 4; lastKnownFileType = sourcecode.c.h; path = CheckPhone.h; sourceTree = "<group>"; };
		FB2F6F4A1D546CFC00FF5D14 /* CheckPhone.m */ = {isa = PBXFileReference; fileEncoding = 4; lastKnownFileType = sourcecode.c.objc; path = CheckPhone.m; sourceTree = "<group>"; };
		FB47D63C1D485D01008EE4D6 /* AppDelegate.h */ = {isa = PBXFileReference; fileEncoding = 4; lastKnownFileType = sourcecode.c.h; path = AppDelegate.h; sourceTree = "<group>"; };
		FB47D63D1D485D01008EE4D6 /* AppDelegate.m */ = {isa = PBXFileReference; fileEncoding = 4; lastKnownFileType = sourcecode.c.objc; path = AppDelegate.m; sourceTree = "<group>"; };
		FB47D6411D485D01008EE4D6 /* main.m */ = {isa = PBXFileReference; fileEncoding = 4; lastKnownFileType = sourcecode.c.objc; path = main.m; sourceTree = "<group>"; };
		FB47D6491D486128008EE4D6 /* MainViewController.h */ = {isa = PBXFileReference; fileEncoding = 4; lastKnownFileType = sourcecode.c.h; path = MainViewController.h; sourceTree = "<group>"; };
		FB47D64A1D486128008EE4D6 /* MainViewController.m */ = {isa = PBXFileReference; fileEncoding = 4; lastKnownFileType = sourcecode.c.objc; path = MainViewController.m; sourceTree = "<group>"; };
		FB47D64C1D486251008EE4D6 /* LytNavigationViewController.h */ = {isa = PBXFileReference; fileEncoding = 4; lastKnownFileType = sourcecode.c.h; path = LytNavigationViewController.h; sourceTree = "<group>"; };
		FB47D64D1D486251008EE4D6 /* LytNavigationViewController.m */ = {isa = PBXFileReference; fileEncoding = 4; lastKnownFileType = sourcecode.c.objc; path = LytNavigationViewController.m; sourceTree = "<group>"; };
		FB47D6641D48693D008EE4D6 /* bangbangViewController.h */ = {isa = PBXFileReference; fileEncoding = 4; lastKnownFileType = sourcecode.c.h; path = bangbangViewController.h; sourceTree = "<group>"; };
		FB47D6651D48693D008EE4D6 /* bangbangViewController.m */ = {isa = PBXFileReference; fileEncoding = 4; lastKnownFileType = sourcecode.c.objc; path = bangbangViewController.m; sourceTree = "<group>"; };
		FB47D6671D486964008EE4D6 /* ConnectionViewController.h */ = {isa = PBXFileReference; fileEncoding = 4; lastKnownFileType = sourcecode.c.h; path = ConnectionViewController.h; sourceTree = "<group>"; };
		FB47D6681D486964008EE4D6 /* ConnectionViewController.m */ = {isa = PBXFileReference; fileEncoding = 4; lastKnownFileType = sourcecode.c.objc; path = ConnectionViewController.m; sourceTree = "<group>"; };
		FB47D66A1D486978008EE4D6 /* HomeViewController.h */ = {isa = PBXFileReference; fileEncoding = 4; lastKnownFileType = sourcecode.c.h; path = HomeViewController.h; sourceTree = "<group>"; };
		FB47D66B1D486978008EE4D6 /* HomeViewController.m */ = {isa = PBXFileReference; fileEncoding = 4; lastKnownFileType = sourcecode.c.objc; path = HomeViewController.m; sourceTree = "<group>"; };
		FB47D66D1D48698B008EE4D6 /* MeViewController.h */ = {isa = PBXFileReference; fileEncoding = 4; lastKnownFileType = sourcecode.c.h; path = MeViewController.h; sourceTree = "<group>"; };
		FB47D66E1D48698B008EE4D6 /* MeViewController.m */ = {isa = PBXFileReference; fileEncoding = 4; lastKnownFileType = sourcecode.c.objc; path = MeViewController.m; sourceTree = "<group>"; };
		FB47D6701D48699B008EE4D6 /* WishViewController.h */ = {isa = PBXFileReference; fileEncoding = 4; lastKnownFileType = sourcecode.c.h; path = WishViewController.h; sourceTree = "<group>"; };
		FB47D6711D48699B008EE4D6 /* WishViewController.m */ = {isa = PBXFileReference; fileEncoding = 4; lastKnownFileType = sourcecode.c.objc; path = WishViewController.m; sourceTree = "<group>"; };
		FB47D6731D487CA1008EE4D6 /* SelectedView.h */ = {isa = PBXFileReference; fileEncoding = 4; lastKnownFileType = sourcecode.c.h; path = SelectedView.h; sourceTree = "<group>"; };
		FB47D6741D487CA1008EE4D6 /* SelectedView.m */ = {isa = PBXFileReference; fileEncoding = 4; lastKnownFileType = sourcecode.c.objc; path = SelectedView.m; sourceTree = "<group>"; };
		FB47D6771D487D54008EE4D6 /* UIView+SLExtension.h */ = {isa = PBXFileReference; fileEncoding = 4; lastKnownFileType = sourcecode.c.h; path = "UIView+SLExtension.h"; sourceTree = "<group>"; };
		FB47D6781D487D54008EE4D6 /* UIView+SLExtension.m */ = {isa = PBXFileReference; fileEncoding = 4; lastKnownFileType = sourcecode.c.objc; path = "UIView+SLExtension.m"; sourceTree = "<group>"; };
		FB47D67A1D487DD6008EE4D6 /* PrefixHeader.pch */ = {isa = PBXFileReference; fileEncoding = 4; lastKnownFileType = sourcecode.c.h; path = PrefixHeader.pch; sourceTree = "<group>"; };
		FB47D67C1D4882FB008EE4D6 /* Constant.h */ = {isa = PBXFileReference; fileEncoding = 4; lastKnownFileType = sourcecode.c.h; path = Constant.h; sourceTree = "<group>"; };
		FB47D67D1D4882FB008EE4D6 /* Constant.m */ = {isa = PBXFileReference; fileEncoding = 4; lastKnownFileType = sourcecode.c.objc; path = Constant.m; sourceTree = "<group>"; };
		FB47D6911D4885E6008EE4D6 /* giftStrategyViewController.h */ = {isa = PBXFileReference; fileEncoding = 4; lastKnownFileType = sourcecode.c.h; path = giftStrategyViewController.h; sourceTree = "<group>"; };
		FB47D6921D4885E6008EE4D6 /* giftStrategyViewController.m */ = {isa = PBXFileReference; fileEncoding = 4; lastKnownFileType = sourcecode.c.objc; path = giftStrategyViewController.m; sourceTree = "<group>"; };
		FB47D6E71D48935C008EE4D6 /* MASCompositeConstraint.h */ = {isa = PBXFileReference; fileEncoding = 4; lastKnownFileType = sourcecode.c.h; path = MASCompositeConstraint.h; sourceTree = "<group>"; };
		FB47D6E81D48935C008EE4D6 /* MASCompositeConstraint.m */ = {isa = PBXFileReference; fileEncoding = 4; lastKnownFileType = sourcecode.c.objc; path = MASCompositeConstraint.m; sourceTree = "<group>"; };
		FB47D6E91D48935C008EE4D6 /* MASConstraint+Private.h */ = {isa = PBXFileReference; fileEncoding = 4; lastKnownFileType = sourcecode.c.h; path = "MASConstraint+Private.h"; sourceTree = "<group>"; };
		FB47D6EA1D48935C008EE4D6 /* MASConstraint.h */ = {isa = PBXFileReference; fileEncoding = 4; lastKnownFileType = sourcecode.c.h; path = MASConstraint.h; sourceTree = "<group>"; };
		FB47D6EB1D48935C008EE4D6 /* MASConstraint.m */ = {isa = PBXFileReference; fileEncoding = 4; lastKnownFileType = sourcecode.c.objc; path = MASConstraint.m; sourceTree = "<group>"; };
		FB47D6EC1D48935C008EE4D6 /* MASConstraintMaker.h */ = {isa = PBXFileReference; fileEncoding = 4; lastKnownFileType = sourcecode.c.h; path = MASConstraintMaker.h; sourceTree = "<group>"; };
		FB47D6ED1D48935C008EE4D6 /* MASConstraintMaker.m */ = {isa = PBXFileReference; fileEncoding = 4; lastKnownFileType = sourcecode.c.objc; path = MASConstraintMaker.m; sourceTree = "<group>"; };
		FB47D6EE1D48935C008EE4D6 /* MASLayoutConstraint.h */ = {isa = PBXFileReference; fileEncoding = 4; lastKnownFileType = sourcecode.c.h; path = MASLayoutConstraint.h; sourceTree = "<group>"; };
		FB47D6EF1D48935C008EE4D6 /* MASLayoutConstraint.m */ = {isa = PBXFileReference; fileEncoding = 4; lastKnownFileType = sourcecode.c.objc; path = MASLayoutConstraint.m; sourceTree = "<group>"; };
		FB47D6F01D48935C008EE4D6 /* Masonry.h */ = {isa = PBXFileReference; fileEncoding = 4; lastKnownFileType = sourcecode.c.h; path = Masonry.h; sourceTree = "<group>"; };
		FB47D6F11D48935C008EE4D6 /* MASUtilities.h */ = {isa = PBXFileReference; fileEncoding = 4; lastKnownFileType = sourcecode.c.h; path = MASUtilities.h; sourceTree = "<group>"; };
		FB47D6F21D48935C008EE4D6 /* MASViewAttribute.h */ = {isa = PBXFileReference; fileEncoding = 4; lastKnownFileType = sourcecode.c.h; path = MASViewAttribute.h; sourceTree = "<group>"; };
		FB47D6F31D48935C008EE4D6 /* MASViewAttribute.m */ = {isa = PBXFileReference; fileEncoding = 4; lastKnownFileType = sourcecode.c.objc; path = MASViewAttribute.m; sourceTree = "<group>"; };
		FB47D6F41D48935C008EE4D6 /* MASViewConstraint.h */ = {isa = PBXFileReference; fileEncoding = 4; lastKnownFileType = sourcecode.c.h; path = MASViewConstraint.h; sourceTree = "<group>"; };
		FB47D6F51D48935C008EE4D6 /* MASViewConstraint.m */ = {isa = PBXFileReference; fileEncoding = 4; lastKnownFileType = sourcecode.c.objc; path = MASViewConstraint.m; sourceTree = "<group>"; };
		FB47D6F61D48935C008EE4D6 /* NSArray+MASAdditions.h */ = {isa = PBXFileReference; fileEncoding = 4; lastKnownFileType = sourcecode.c.h; path = "NSArray+MASAdditions.h"; sourceTree = "<group>"; };
		FB47D6F71D48935C008EE4D6 /* NSArray+MASAdditions.m */ = {isa = PBXFileReference; fileEncoding = 4; lastKnownFileType = sourcecode.c.objc; path = "NSArray+MASAdditions.m"; sourceTree = "<group>"; };
		FB47D6F81D48935C008EE4D6 /* NSArray+MASShorthandAdditions.h */ = {isa = PBXFileReference; fileEncoding = 4; lastKnownFileType = sourcecode.c.h; path = "NSArray+MASShorthandAdditions.h"; sourceTree = "<group>"; };
		FB47D6F91D48935C008EE4D6 /* NSLayoutConstraint+MASDebugAdditions.h */ = {isa = PBXFileReference; fileEncoding = 4; lastKnownFileType = sourcecode.c.h; path = "NSLayoutConstraint+MASDebugAdditions.h"; sourceTree = "<group>"; };
		FB47D6FA1D48935C008EE4D6 /* NSLayoutConstraint+MASDebugAdditions.m */ = {isa = PBXFileReference; fileEncoding = 4; lastKnownFileType = sourcecode.c.objc; path = "NSLayoutConstraint+MASDebugAdditions.m"; sourceTree = "<group>"; };
		FB47D6FB1D48935C008EE4D6 /* View+MASAdditions.h */ = {isa = PBXFileReference; fileEncoding = 4; lastKnownFileType = sourcecode.c.h; path = "View+MASAdditions.h"; sourceTree = "<group>"; };
		FB47D6FC1D48935C008EE4D6 /* View+MASAdditions.m */ = {isa = PBXFileReference; fileEncoding = 4; lastKnownFileType = sourcecode.c.objc; path = "View+MASAdditions.m"; sourceTree = "<group>"; };
		FB47D6FD1D48935C008EE4D6 /* View+MASShorthandAdditions.h */ = {isa = PBXFileReference; fileEncoding = 4; lastKnownFileType = sourcecode.c.h; path = "View+MASShorthandAdditions.h"; sourceTree = "<group>"; };
		FB47D6FE1D48935C008EE4D6 /* ViewController+MASAdditions.h */ = {isa = PBXFileReference; fileEncoding = 4; lastKnownFileType = sourcecode.c.h; path = "ViewController+MASAdditions.h"; sourceTree = "<group>"; };
		FB47D6FF1D48935C008EE4D6 /* ViewController+MASAdditions.m */ = {isa = PBXFileReference; fileEncoding = 4; lastKnownFileType = sourcecode.c.objc; path = "ViewController+MASAdditions.m"; sourceTree = "<group>"; };
		FB4E3BE71D53F49C00FA78D5 /* Order.h */ = {isa = PBXFileReference; fileEncoding = 4; lastKnownFileType = sourcecode.c.h; path = Order.h; sourceTree = "<group>"; };
		FB4E3BE81D53F49C00FA78D5 /* Order.m */ = {isa = PBXFileReference; fileEncoding = 4; lastKnownFileType = sourcecode.c.objc; path = Order.m; sourceTree = "<group>"; };
		FB4E3BEC1D5433AB00FA78D5 /* LYTAfnetworkingManager.h */ = {isa = PBXFileReference; fileEncoding = 4; lastKnownFileType = sourcecode.c.h; path = LYTAfnetworkingManager.h; sourceTree = "<group>"; };
		FB4E3BED1D5433AB00FA78D5 /* LYTAfnetworkingManager.m */ = {isa = PBXFileReference; fileEncoding = 4; lastKnownFileType = sourcecode.c.objc; path = LYTAfnetworkingManager.m; sourceTree = "<group>"; };
		FB4E3BEF1D5434BC00FA78D5 /* LYTAFRequest.h */ = {isa = PBXFileReference; fileEncoding = 4; lastKnownFileType = sourcecode.c.h; path = LYTAFRequest.h; sourceTree = "<group>"; };
		FB4E3BF01D5434BC00FA78D5 /* LYTAFRequest.m */ = {isa = PBXFileReference; fileEncoding = 4; lastKnownFileType = sourcecode.c.objc; path = LYTAFRequest.m; sourceTree = "<group>"; };
		FB4E3BF31D543BCB00FA78D5 /* NSObject+LYTHUD.h */ = {isa = PBXFileReference; fileEncoding = 4; lastKnownFileType = sourcecode.c.h; path = "NSObject+LYTHUD.h"; sourceTree = "<group>"; };
		FB4E3BF41D543BCB00FA78D5 /* NSObject+LYTHUD.m */ = {isa = PBXFileReference; fileEncoding = 4; lastKnownFileType = sourcecode.c.objc; path = "NSObject+LYTHUD.m"; sourceTree = "<group>"; };
		FB4E3BF51D543BCB00FA78D5 /* UIViewController+SLHUD.h */ = {isa = PBXFileReference; fileEncoding = 4; lastKnownFileType = sourcecode.c.h; path = "UIViewController+SLHUD.h"; sourceTree = "<group>"; };
		FB4E3BF61D543BCB00FA78D5 /* UIViewController+SLHUD.m */ = {isa = PBXFileReference; fileEncoding = 4; lastKnownFileType = sourcecode.c.objc; path = "UIViewController+SLHUD.m"; sourceTree = "<group>"; };
		FB58F95A1D4846A500C207DD /* LiyiTong.app */ = {isa = PBXFileReference; explicitFileType = wrapper.application; includeInIndex = 0; path = LiyiTong.app; sourceTree = BUILT_PRODUCTS_DIR; };
		FB58F9671D4846A500C207DD /* Base */ = {isa = PBXFileReference; lastKnownFileType = file.storyboard; name = Base; path = Base.lproj/Main.storyboard; sourceTree = "<group>"; };
		FB58F96C1D4846A500C207DD /* Base */ = {isa = PBXFileReference; lastKnownFileType = file.storyboard; name = Base; path = Base.lproj/LaunchScreen.storyboard; sourceTree = "<group>"; };
		FB58F9731D4846A500C207DD /* LiyiTongTests.xctest */ = {isa = PBXFileReference; explicitFileType = wrapper.cfbundle; includeInIndex = 0; path = LiyiTongTests.xctest; sourceTree = BUILT_PRODUCTS_DIR; };
		FB58F9771D4846A500C207DD /* LiyiTongTests.m */ = {isa = PBXFileReference; lastKnownFileType = sourcecode.c.objc; path = LiyiTongTests.m; sourceTree = "<group>"; };
		FB58F9791D4846A500C207DD /* Info.plist */ = {isa = PBXFileReference; lastKnownFileType = text.plist.xml; path = Info.plist; sourceTree = "<group>"; };
		FB58F97E1D4846A500C207DD /* LiyiTongUITests.xctest */ = {isa = PBXFileReference; explicitFileType = wrapper.cfbundle; includeInIndex = 0; path = LiyiTongUITests.xctest; sourceTree = BUILT_PRODUCTS_DIR; };
		FB58F9821D4846A500C207DD /* LiyiTongUITests.m */ = {isa = PBXFileReference; lastKnownFileType = sourcecode.c.objc; path = LiyiTongUITests.m; sourceTree = "<group>"; };
		FB58F9841D4846A500C207DD /* Info.plist */ = {isa = PBXFileReference; lastKnownFileType = text.plist.xml; path = Info.plist; sourceTree = "<group>"; };
		FB5CA1D61D50313200BD9CD7 /* Assets.xcassets */ = {isa = PBXFileReference; lastKnownFileType = folder.assetcatalog; path = Assets.xcassets; sourceTree = "<group>"; };
		FBF322AB1D5486A4005CCA00 /* Info.plist */ = {isa = PBXFileReference; fileEncoding = 4; lastKnownFileType = text.plist.xml; path = Info.plist; sourceTree = "<group>"; };
		FBF513361D520E2500AB88F2 /* confrimOrderViewController.h */ = {isa = PBXFileReference; fileEncoding = 4; lastKnownFileType = sourcecode.c.h; path = confrimOrderViewController.h; sourceTree = "<group>"; };
		FBF513371D520E2500AB88F2 /* confrimOrderViewController.m */ = {isa = PBXFileReference; fileEncoding = 4; lastKnownFileType = sourcecode.c.objc; path = confrimOrderViewController.m; sourceTree = "<group>"; };
		FBF5133B1D52E99700AB88F2 /* confrimOrderViewController.storyboard */ = {isa = PBXFileReference; fileEncoding = 4; lastKnownFileType = file.storyboard; path = confrimOrderViewController.storyboard; sourceTree = "<group>"; };
/* End PBXFileReference section */

/* Begin PBXFrameworksBuildPhase section */
		FB58F9571D4846A500C207DD /* Frameworks */ = {
			isa = PBXFrameworksBuildPhase;
			buildActionMask = 2147483647;
			files = (
				E8D19DF3CF495B076A7799E1 /* libPods-LiyiTong.a in Frameworks */,
			);
			runOnlyForDeploymentPostprocessing = 0;
		};
		FB58F9701D4846A500C207DD /* Frameworks */ = {
			isa = PBXFrameworksBuildPhase;
			buildActionMask = 2147483647;
			files = (
			);
			runOnlyForDeploymentPostprocessing = 0;
		};
		FB58F97B1D4846A500C207DD /* Frameworks */ = {
			isa = PBXFrameworksBuildPhase;
			buildActionMask = 2147483647;
			files = (
			);
			runOnlyForDeploymentPostprocessing = 0;
		};
/* End PBXFrameworksBuildPhase section */

/* Begin PBXGroup section */
		0CCA69FDA87ECC7FF6FC03CC /* Frameworks */ = {
			isa = PBXGroup;
			children = (
				BC81BE6512EA60F4A7EF5858 /* libPods-LiyiTong.a */,
			);
			name = Frameworks;
			sourceTree = "<group>";
		};
		748D56DB5D932F5141123352 /* Pods */ = {
			isa = PBXGroup;
			children = (
				C4F53843F46E2B2802D8E641 /* Pods-LiyiTong.debug.xcconfig */,
				DFB8B417ACA1A68B14756E6A /* Pods-LiyiTong.release.xcconfig */,
			);
			name = Pods;
			sourceTree = "<group>";
		};
		C20834C41D59B45300E1AC2E /* choose */ = {
			isa = PBXGroup;
			children = (
				C20834CF1D59B46100E1AC2E /* stock.plist */,
				C20834C51D59B45300E1AC2E /* 1.jpg */,
				C20834C61D59B45300E1AC2E /* 2.jpg */,
				C20834C71D59B45300E1AC2E /* 3.jpg */,
				C20834C81D59B45300E1AC2E /* 4.jpg */,
				C20834C91D59B45300E1AC2E /* close@3x.png */,
			);
			path = choose;
			sourceTree = "<group>";
		};
		C20835911D5A12F400E1AC2E /* renmai */ = {
			isa = PBXGroup;
			children = (
				C208359A1D5B068800E1AC2E /* laopo.png */,
				C20835921D5A12FE00E1AC2E /* 人脉-节日提醒_02.png */,
			);
			path = renmai;
			sourceTree = "<group>";
		};
		C2192A421D54A91700F8F6A4 /* login */ = {
			isa = PBXGroup;
			children = (
				C2192A431D54A95D00F8F6A4 /* loginViewController.h */,
				C2192A441D54A95D00F8F6A4 /* loginViewController.m */,
				C2192A451D54A95D00F8F6A4 /* findPassWordViewController.h */,
				C2192A461D54A95D00F8F6A4 /* findPassWordViewController.m */,
				C23263101D55DE5F008F7751 /* API */,
				C23263091D55BA2C008F7751 /* view */,
			);
			path = login;
			sourceTree = "<group>";
		};
		C23263091D55BA2C008F7751 /* view */ = {
			isa = PBXGroup;
			children = (
				C232630A1D55BA4C008F7751 /* YFAlert.h */,
				C232630B1D55BA4C008F7751 /* YFAlert.m */,
			);
			path = view;
			sourceTree = "<group>";
		};
		C23263101D55DE5F008F7751 /* API */ = {
			isa = PBXGroup;
			children = (
				C23263111D55DE74008F7751 /* sendSMS.h */,
				C23263121D55DE74008F7751 /* sendSMS.m */,
				C232631A1D560F54008F7751 /* userRegister.h */,
				C232631B1D560F54008F7751 /* userRegister.m */,
				C23263171D560E7E008F7751 /* login.h */,
				C23263181D560E7E008F7751 /* login.m */,
			);
			path = API;
			sourceTree = "<group>";
		};
		C2487E3C1D4F4D780085107B /* images */ = {
			isa = PBXGroup;
			children = (
				C2487E3D1D4F4D780085107B /* active.png */,
				C2487E3E1D4F4D780085107B /* banner.jpg */,
				C2487E3F1D4F4D780085107B /* banner.png */,
				C2487E401D4F4D780085107B /* contacts.png */,
				C2487E411D4F4D780085107B /* help.png */,
				C2487E421D4F4D780085107B /* home.png */,
				C2487E431D4F4D780085107B /* magnifying.png */,
				C2487E441D4F4D780085107B /* me.png */,
				C2487E451D4F4D780085107B /* message.png */,
				C2487E461D4F4D780085107B /* message_05.png */,
				C2487E471D4F4D780085107B /* seeAll.PNG */,
				C2487E481D4F4D780085107B /* t1.png */,
				C2487E491D4F4D780085107B /* t2.png */,
				C2487E4A1D4F4D780085107B /* t3.png */,
				C2487E4B1D4F4D780085107B /* tmp.jpg */,
				C2487E4C1D4F4D780085107B /* tmp.png */,
				C2487E4D1D4F4D780085107B /* top_bg.jpg */,
				C2487E4E1D4F4D780085107B /* top_bg.png */,
				C2487E4F1D4F4D780085107B /* vow.png */,
				C2487E501D4F4D780085107B /* z_active.png */,
			);
			path = images;
			sourceTree = "<group>";
		};
		C2567EBF1D582FE400A2FAD0 /* gonglue */ = {
			isa = PBXGroup;
			children = (
				C2567EC01D582FE400A2FAD0 /* back.png */,
				C2567EC11D582FE400A2FAD0 /* bammer_01.png */,
				C2567EC21D582FE400A2FAD0 /* gonglue_04.png */,
				C2567EC31D582FE400A2FAD0 /* share.png */,
			);
			path = gonglue;
			sourceTree = "<group>";
		};
		C2567EC41D582FE400A2FAD0 /* login */ = {
			isa = PBXGroup;
			children = (
				C2567EC51D582FE400A2FAD0 /* d.png */,
				C2567EC61D582FE400A2FAD0 /* d_active.png */,
				C2567EC71D582FE400A2FAD0 /* denglu_btn_03.png */,
				C2567EC81D582FE400A2FAD0 /* lock_03.png */,
				C2567EC91D582FE400A2FAD0 /* phone_03.png */,
				C2567ECA1D582FE400A2FAD0 /* phone_06.png */,
				C2567ECB1D582FE400A2FAD0 /* tou_03.png */,
				C2567ECC1D582FE400A2FAD0 /* x_03.png */,
				C2567ECD1D582FE400A2FAD0 /* xinfeng.png */,
				C2567ECE1D582FE400A2FAD0 /* 密码登录.png */,
			);
			path = login;
			sourceTree = "<group>";
		};
		C2567ECF1D582FE400A2FAD0 /* remen */ = {
			isa = PBXGroup;
			children = (
				C2567ED01D582FE400A2FAD0 /* images */,
			);
			path = remen;
			sourceTree = "<group>";
		};
		C2567ED01D582FE400A2FAD0 /* images */ = {
			isa = PBXGroup;
			children = (
				C2567ED11D582FE400A2FAD0 /* 12_07.png */,
				C2567ED21D582FE400A2FAD0 /* 12_07副本.png */,
				C2567ED31D582FE400A2FAD0 /* 1_03.png */,
				C2567ED41D582FE400A2FAD0 /* 3332_02.png */,
				C2567ED51D582FE400A2FAD0 /* 热门psd_11.png */,
			);
			path = images;
			sourceTree = "<group>";
		};
		C2567ED61D582FE400A2FAD0 /* share */ = {
			isa = PBXGroup;
			children = (
				C2567ED71D582FE400A2FAD0 /* kongjian.png */,
				C2567ED81D582FE400A2FAD0 /* QQ.png */,
				C2567ED91D582FE400A2FAD0 /* quan.png */,
				C2567EDA1D582FE400A2FAD0 /* weixin.png */,
			);
			path = share;
			sourceTree = "<group>";
		};
		C2B605921D58850200110E39 /* shoulian */ = {
			isa = PBXGroup;
			children = (
				C2B605A51D58AEE700110E39 /* 手链.png */,
				C2B6059B1D58AEB400110E39 /* bg_05.png */,
				C2B6059C1D58AEB400110E39 /* bgg_07.png */,
				C2B6059D1D58AEB400110E39 /* bgg_11.png */,
				C2B6059E1D58AEB400110E39 /* choose.png */,
				C2B6059F1D58AEB400110E39 /* more.png */,
			);
			path = shoulian;
			sourceTree = "<group>";
		};
		FB47D63B1D485D01008EE4D6 /* classes */ = {
			isa = PBXGroup;
			children = (
				FB4E3BEA1D54334E00FA78D5 /* API */,
				FB47D63E1D485D01008EE4D6 /* category */,
				FB47D63F1D485D01008EE4D6 /* Components */,
				FB47D6421D485D01008EE4D6 /* Tool */,
				FB47D6411D485D01008EE4D6 /* main.m */,
				FB47D63C1D485D01008EE4D6 /* AppDelegate.h */,
				FB47D63D1D485D01008EE4D6 /* AppDelegate.m */,
			);
			path = classes;
			sourceTree = "<group>";
		};
		FB47D63E1D485D01008EE4D6 /* category */ = {
			isa = PBXGroup;
			children = (
			);
			path = category;
			sourceTree = "<group>";
		};
		FB47D63F1D485D01008EE4D6 /* Components */ = {
			isa = PBXGroup;
			children = (
				FBF513321D520DBA00AB88F2 /* baobei */,
				FB47D67F1D488586008EE4D6 /* giftStrategy */,
				FB47D6831D488586008EE4D6 /* give */,
				FB47D6871D488586008EE4D6 /* guess */,
				FB47D6501D4868DA008EE4D6 /* bangbang */,
				FB47D6541D4868DA008EE4D6 /* connection */,
				FB47D6581D4868DA008EE4D6 /* Home */,
				FB47D65C1D4868DA008EE4D6 /* Me */,
				FB47D6601D4868DA008EE4D6 /* wish */,
				FB47D6481D4860E4008EE4D6 /* Main */,
				C2192A421D54A91700F8F6A4 /* login */,
			);
			path = Components;
			sourceTree = "<group>";
		};
		FB47D6421D485D01008EE4D6 /* Tool */ = {
			isa = PBXGroup;
			children = (
				FB4E3BF21D543BCB00FA78D5 /* HUD */,
				FB47D6761D487D54008EE4D6 /* View */,
				FB47D67B1D4882FB008EE4D6 /* Other */,
			);
			path = Tool;
			sourceTree = "<group>";
		};
		FB47D6431D485D01008EE4D6 /* Resource */ = {
			isa = PBXGroup;
			children = (
				C20835911D5A12F400E1AC2E /* renmai */,
				C20834C41D59B45300E1AC2E /* choose */,
				C2B605921D58850200110E39 /* shoulian */,
				C2567EBF1D582FE400A2FAD0 /* gonglue */,
				C2567EC41D582FE400A2FAD0 /* login */,
				C2567ECF1D582FE400A2FAD0 /* remen */,
				C2567ED61D582FE400A2FAD0 /* share */,
				C2487E3C1D4F4D780085107B /* images */,
				FB47D6E61D48935B008EE4D6 /* Masonry */,
				FB47D67A1D487DD6008EE4D6 /* PrefixHeader.pch */,
			);
			path = Resource;
			sourceTree = "<group>";
		};
		FB47D6481D4860E4008EE4D6 /* Main */ = {
			isa = PBXGroup;
			children = (
				FB47D6491D486128008EE4D6 /* MainViewController.h */,
				FB47D64A1D486128008EE4D6 /* MainViewController.m */,
				FB47D64C1D486251008EE4D6 /* LytNavigationViewController.h */,
				FB47D64D1D486251008EE4D6 /* LytNavigationViewController.m */,
			);
			path = Main;
			sourceTree = "<group>";
		};
		FB47D6501D4868DA008EE4D6 /* bangbang */ = {
			isa = PBXGroup;
			children = (
				FB47D6511D4868DA008EE4D6 /* contorl */,
				FB47D6521D4868DA008EE4D6 /* model */,
				FB47D6531D4868DA008EE4D6 /* view */,
			);
			path = bangbang;
			sourceTree = "<group>";
		};
		FB47D6511D4868DA008EE4D6 /* contorl */ = {
			isa = PBXGroup;
			children = (
				FB47D6641D48693D008EE4D6 /* bangbangViewController.h */,
				FB47D6651D48693D008EE4D6 /* bangbangViewController.m */,
			);
			path = contorl;
			sourceTree = "<group>";
		};
		FB47D6521D4868DA008EE4D6 /* model */ = {
			isa = PBXGroup;
			children = (
			);
			path = model;
			sourceTree = "<group>";
		};
		FB47D6531D4868DA008EE4D6 /* view */ = {
			isa = PBXGroup;
			children = (
			);
			path = view;
			sourceTree = "<group>";
		};
		FB47D6541D4868DA008EE4D6 /* connection */ = {
			isa = PBXGroup;
			children = (
				FB47D6551D4868DA008EE4D6 /* contorl */,
				FB47D6561D4868DA008EE4D6 /* model */,
				FB47D6571D4868DA008EE4D6 /* view */,
			);
			path = connection;
			sourceTree = "<group>";
		};
		FB47D6551D4868DA008EE4D6 /* contorl */ = {
			isa = PBXGroup;
			children = (
				FB47D6671D486964008EE4D6 /* ConnectionViewController.h */,
				FB47D6681D486964008EE4D6 /* ConnectionViewController.m */,
			);
			path = contorl;
			sourceTree = "<group>";
		};
		FB47D6561D4868DA008EE4D6 /* model */ = {
			isa = PBXGroup;
			children = (
			);
			path = model;
			sourceTree = "<group>";
		};
		FB47D6571D4868DA008EE4D6 /* view */ = {
			isa = PBXGroup;
			children = (
				C20835941D5A149D00E1AC2E /* ChineseToPinyin.h */,
				C20835951D5A149D00E1AC2E /* ChineseToPinyin.m */,
				C20835971D5A15F700E1AC2E /* HeaderView.h */,
				C20835981D5A15F700E1AC2E /* HeaderView.m */,
			);
			path = view;
			sourceTree = "<group>";
		};
		FB47D6581D4868DA008EE4D6 /* Home */ = {
			isa = PBXGroup;
			children = (
				FB47D6591D4868DA008EE4D6 /* contorl */,
				FB47D65A1D4868DA008EE4D6 /* model */,
				FB47D65B1D4868DA008EE4D6 /* view */,
			);
			path = Home;
			sourceTree = "<group>";
		};
		FB47D6591D4868DA008EE4D6 /* contorl */ = {
			isa = PBXGroup;
			children = (
				FB47D66A1D486978008EE4D6 /* HomeViewController.h */,
				FB47D66B1D486978008EE4D6 /* HomeViewController.m */,
			);
			path = contorl;
			sourceTree = "<group>";
		};
		FB47D65A1D4868DA008EE4D6 /* model */ = {
			isa = PBXGroup;
			children = (
			);
			path = model;
			sourceTree = "<group>";
		};
		FB47D65B1D4868DA008EE4D6 /* view */ = {
			isa = PBXGroup;
			children = (
				FB47D6731D487CA1008EE4D6 /* SelectedView.h */,
				FB47D6741D487CA1008EE4D6 /* SelectedView.m */,
			);
			path = view;
			sourceTree = "<group>";
		};
		FB47D65C1D4868DA008EE4D6 /* Me */ = {
			isa = PBXGroup;
			children = (
				FB47D65D1D4868DA008EE4D6 /* contorl */,
				FB47D65E1D4868DA008EE4D6 /* model */,
				FB47D65F1D4868DA008EE4D6 /* view */,
			);
			path = Me;
			sourceTree = "<group>";
		};
		FB47D65D1D4868DA008EE4D6 /* contorl */ = {
			isa = PBXGroup;
			children = (
				FB47D66D1D48698B008EE4D6 /* MeViewController.h */,
				FB47D66E1D48698B008EE4D6 /* MeViewController.m */,
			);
			path = contorl;
			sourceTree = "<group>";
		};
		FB47D65E1D4868DA008EE4D6 /* model */ = {
			isa = PBXGroup;
			children = (
			);
			path = model;
			sourceTree = "<group>";
		};
		FB47D65F1D4868DA008EE4D6 /* view */ = {
			isa = PBXGroup;
			children = (
			);
			path = view;
			sourceTree = "<group>";
		};
		FB47D6601D4868DA008EE4D6 /* wish */ = {
			isa = PBXGroup;
			children = (
				FB47D6611D4868DA008EE4D6 /* contorl */,
				FB47D6621D4868DA008EE4D6 /* model */,
				FB47D6631D4868DA008EE4D6 /* view */,
			);
			path = wish;
			sourceTree = "<group>";
		};
		FB47D6611D4868DA008EE4D6 /* contorl */ = {
			isa = PBXGroup;
			children = (
				FB47D6701D48699B008EE4D6 /* WishViewController.h */,
				FB47D6711D48699B008EE4D6 /* WishViewController.m */,
			);
			path = contorl;
			sourceTree = "<group>";
		};
		FB47D6621D4868DA008EE4D6 /* model */ = {
			isa = PBXGroup;
			children = (
			);
			path = model;
			sourceTree = "<group>";
		};
		FB47D6631D4868DA008EE4D6 /* view */ = {
			isa = PBXGroup;
			children = (
			);
			path = view;
			sourceTree = "<group>";
		};
		FB47D6761D487D54008EE4D6 /* View */ = {
			isa = PBXGroup;
			children = (
				FB2F6F461D545FE900FF5D14 /* LYTAlertView.h */,
				FB2F6F471D545FE900FF5D14 /* LYTAlertView.m */,
				FB47D6771D487D54008EE4D6 /* UIView+SLExtension.h */,
				FB47D6781D487D54008EE4D6 /* UIView+SLExtension.m */,
			);
			path = View;
			sourceTree = "<group>";
		};
		FB47D67B1D4882FB008EE4D6 /* Other */ = {
			isa = PBXGroup;
			children = (
				FB47D67C1D4882FB008EE4D6 /* Constant.h */,
				FB47D67D1D4882FB008EE4D6 /* Constant.m */,
			);
			name = Other;
			path = ../Other;
			sourceTree = "<group>";
		};
		FB47D67F1D488586008EE4D6 /* giftStrategy */ = {
			isa = PBXGroup;
			children = (
				FB47D6801D488586008EE4D6 /* contorl */,
				FB47D6811D488586008EE4D6 /* model */,
				FB47D6821D488586008EE4D6 /* view */,
			);
			path = giftStrategy;
			sourceTree = "<group>";
		};
		FB47D6801D488586008EE4D6 /* contorl */ = {
			isa = PBXGroup;
			children = (
				FB47D6911D4885E6008EE4D6 /* giftStrategyViewController.h */,
				FB47D6921D4885E6008EE4D6 /* giftStrategyViewController.m */,
				C2192A3E1D54A80E00F8F6A4 /* strategyViewController.h */,
				C2192A3F1D54A80E00F8F6A4 /* strategyViewController.m */,
			);
			path = contorl;
			sourceTree = "<group>";
		};
		FB47D6811D488586008EE4D6 /* model */ = {
			isa = PBXGroup;
			children = (
			);
			path = model;
			sourceTree = "<group>";
		};
		FB47D6821D488586008EE4D6 /* view */ = {
			isa = PBXGroup;
			children = (
				C2487E3A1D4F47C60085107B /* unlock.png */,
				C2487E351D4F447E0085107B /* 2.jpg */,
				C2192A351D54A7FB00F8F6A4 /* YFActionSheet.h */,
				C2192A361D54A7FB00F8F6A4 /* YFActionSheet.m */,
				C2192A371D54A7FB00F8F6A4 /* YFActionSheetItem.h */,
				C2192A381D54A7FB00F8F6A4 /* YFActionSheetItem.m */,
				C2487E321D4F44630085107B /* GGImagePageView.h */,
				C2487E331D4F44630085107B /* GGImagePageView.m */,
				C2487E651D4F565E0085107B /* giftTableViewCell.h */,
				C2487E661D4F565E0085107B /* giftTableViewCell.m */,
				C2192A3B1D54A80300F8F6A4 /* strategyTableViewCell.h */,
				C2192A3C1D54A80300F8F6A4 /* strategyTableViewCell.m */,
			);
			path = view;
			sourceTree = "<group>";
		};
		FB47D6831D488586008EE4D6 /* give */ = {
			isa = PBXGroup;
			children = (
				FB47D6841D488586008EE4D6 /* contorl */,
				FB47D6851D488586008EE4D6 /* model */,
				FB47D6861D488586008EE4D6 /* view */,
			);
			path = give;
			sourceTree = "<group>";
		};
		FB47D6841D488586008EE4D6 /* contorl */ = {
			isa = PBXGroup;
			children = (
				C2192A7C1D54AAE700F8F6A4 /* GiveViewController.h */,
				C2192A7D1D54AAE700F8F6A4 /* GiveViewController.m */,
				C2B6058F1D587B8400110E39 /* detailViewController.h */,
				C2B605901D587B8400110E39 /* detailViewController.m */,
			);
			path = contorl;
			sourceTree = "<group>";
		};
		FB47D6851D488586008EE4D6 /* model */ = {
			isa = PBXGroup;
			children = (
				C2192A7F1D54AB1100F8F6A4 /* TOPModel.h */,
				C2192A801D54AB1100F8F6A4 /* TOPModel.m */,
			);
			path = model;
			sourceTree = "<group>";
		};
		FB47D6861D488586008EE4D6 /* view */ = {
			isa = PBXGroup;
			children = (
				C2192A821D54AB1C00F8F6A4 /* TOPTableViewCell.h */,
				C2192A831D54AB1C00F8F6A4 /* TOPTableViewCell.m */,
				C20834BE1D59B1CB00E1AC2E /* ChoseView.h */,
				C20834BF1D59B1CB00E1AC2E /* ChoseView.m */,
				C20834C01D59B1CB00E1AC2E /* TypeView.h */,
				C20834C11D59B1CB00E1AC2E /* TypeView.m */,
			);
			path = view;
			sourceTree = "<group>";
		};
		FB47D6871D488586008EE4D6 /* guess */ = {
			isa = PBXGroup;
			children = (
				FB47D6881D488586008EE4D6 /* contorl */,
				FB47D6891D488586008EE4D6 /* model */,
				FB47D68A1D488586008EE4D6 /* view */,
			);
			path = guess;
			sourceTree = "<group>";
		};
		FB47D6881D488586008EE4D6 /* contorl */ = {
			isa = PBXGroup;
			children = (
				C2192A851D54AB8400F8F6A4 /* GuessViewController.h */,
				C2192A861D54AB8400F8F6A4 /* GuessViewController.m */,
			);
			path = contorl;
			sourceTree = "<group>";
		};
		FB47D6891D488586008EE4D6 /* model */ = {
			isa = PBXGroup;
			children = (
				C2192A881D54AB8D00F8F6A4 /* guessModel.h */,
				C2192A891D54AB8D00F8F6A4 /* guessModel.m */,
			);
			path = model;
			sourceTree = "<group>";
		};
		FB47D68A1D488586008EE4D6 /* view */ = {
			isa = PBXGroup;
			children = (
			);
			path = view;
			sourceTree = "<group>";
		};
		FB47D6E61D48935B008EE4D6 /* Masonry */ = {
			isa = PBXGroup;
			children = (
				FB47D6E71D48935C008EE4D6 /* MASCompositeConstraint.h */,
				FB47D6E81D48935C008EE4D6 /* MASCompositeConstraint.m */,
				FB47D6E91D48935C008EE4D6 /* MASConstraint+Private.h */,
				FB47D6EA1D48935C008EE4D6 /* MASConstraint.h */,
				FB47D6EB1D48935C008EE4D6 /* MASConstraint.m */,
				FB47D6EC1D48935C008EE4D6 /* MASConstraintMaker.h */,
				FB47D6ED1D48935C008EE4D6 /* MASConstraintMaker.m */,
				FB47D6EE1D48935C008EE4D6 /* MASLayoutConstraint.h */,
				FB47D6EF1D48935C008EE4D6 /* MASLayoutConstraint.m */,
				FB47D6F01D48935C008EE4D6 /* Masonry.h */,
				FB47D6F11D48935C008EE4D6 /* MASUtilities.h */,
				FB47D6F21D48935C008EE4D6 /* MASViewAttribute.h */,
				FB47D6F31D48935C008EE4D6 /* MASViewAttribute.m */,
				FB47D6F41D48935C008EE4D6 /* MASViewConstraint.h */,
				FB47D6F51D48935C008EE4D6 /* MASViewConstraint.m */,
				FB47D6F61D48935C008EE4D6 /* NSArray+MASAdditions.h */,
				FB47D6F71D48935C008EE4D6 /* NSArray+MASAdditions.m */,
				FB47D6F81D48935C008EE4D6 /* NSArray+MASShorthandAdditions.h */,
				FB47D6F91D48935C008EE4D6 /* NSLayoutConstraint+MASDebugAdditions.h */,
				FB47D6FA1D48935C008EE4D6 /* NSLayoutConstraint+MASDebugAdditions.m */,
				FB47D6FB1D48935C008EE4D6 /* View+MASAdditions.h */,
				FB47D6FC1D48935C008EE4D6 /* View+MASAdditions.m */,
				FB47D6FD1D48935C008EE4D6 /* View+MASShorthandAdditions.h */,
				FB47D6FE1D48935C008EE4D6 /* ViewController+MASAdditions.h */,
				FB47D6FF1D48935C008EE4D6 /* ViewController+MASAdditions.m */,
			);
			path = Masonry;
			sourceTree = "<group>";
		};
		FB4E3BEA1D54334E00FA78D5 /* API */ = {
			isa = PBXGroup;
			children = (
				FB4E3BEB1D54334E00FA78D5 /* Util */,
				FB2F6F491D546CFC00FF5D14 /* CheckPhone.h */,
				FB2F6F4A1D546CFC00FF5D14 /* CheckPhone.m */,
			);
			path = API;
			sourceTree = "<group>";
		};
		FB4E3BEB1D54334E00FA78D5 /* Util */ = {
			isa = PBXGroup;
			children = (
				FB4E3BEC1D5433AB00FA78D5 /* LYTAfnetworkingManager.h */,
				FB4E3BED1D5433AB00FA78D5 /* LYTAfnetworkingManager.m */,
				FB4E3BEF1D5434BC00FA78D5 /* LYTAFRequest.h */,
				FB4E3BF01D5434BC00FA78D5 /* LYTAFRequest.m */,
			);
			path = Util;
			sourceTree = "<group>";
		};
		FB4E3BF21D543BCB00FA78D5 /* HUD */ = {
			isa = PBXGroup;
			children = (
				FB4E3BF31D543BCB00FA78D5 /* NSObject+LYTHUD.h */,
				FB4E3BF41D543BCB00FA78D5 /* NSObject+LYTHUD.m */,
				FB4E3BF51D543BCB00FA78D5 /* UIViewController+SLHUD.h */,
				FB4E3BF61D543BCB00FA78D5 /* UIViewController+SLHUD.m */,
			);
			path = HUD;
			sourceTree = "<group>";
		};
		FB58F9511D4846A500C207DD = {
			isa = PBXGroup;
			children = (
				FB58F95C1D4846A500C207DD /* LiyiTong */,
				FB58F9761D4846A500C207DD /* LiyiTongTests */,
				FB58F9811D4846A500C207DD /* LiyiTongUITests */,
				FB58F95B1D4846A500C207DD /* Products */,
				748D56DB5D932F5141123352 /* Pods */,
				0CCA69FDA87ECC7FF6FC03CC /* Frameworks */,
			);
			sourceTree = "<group>";
		};
		FB58F95B1D4846A500C207DD /* Products */ = {
			isa = PBXGroup;
			children = (
				FB58F95A1D4846A500C207DD /* LiyiTong.app */,
				FB58F9731D4846A500C207DD /* LiyiTongTests.xctest */,
				FB58F97E1D4846A500C207DD /* LiyiTongUITests.xctest */,
			);
			name = Products;
			sourceTree = "<group>";
		};
		FB58F95C1D4846A500C207DD /* LiyiTong */ = {
			isa = PBXGroup;
			children = (
				FB5CA1D61D50313200BD9CD7 /* Assets.xcassets */,
				FBF322AB1D5486A4005CCA00 /* Info.plist */,
				FB47D63B1D485D01008EE4D6 /* classes */,
				FB47D6431D485D01008EE4D6 /* Resource */,
				FB58F96B1D4846A500C207DD /* LaunchScreen.storyboard */,
				FB58F9661D4846A500C207DD /* Main.storyboard */,
				FB58F95D1D4846A500C207DD /* Supporting Files */,
			);
			path = LiyiTong;
			sourceTree = "<group>";
		};
		FB58F95D1D4846A500C207DD /* Supporting Files */ = {
			isa = PBXGroup;
			children = (
			);
			name = "Supporting Files";
			sourceTree = "<group>";
		};
		FB58F9761D4846A500C207DD /* LiyiTongTests */ = {
			isa = PBXGroup;
			children = (
				FB58F9771D4846A500C207DD /* LiyiTongTests.m */,
				FB58F9791D4846A500C207DD /* Info.plist */,
			);
			path = LiyiTongTests;
			sourceTree = "<group>";
		};
		FB58F9811D4846A500C207DD /* LiyiTongUITests */ = {
			isa = PBXGroup;
			children = (
				FB58F9821D4846A500C207DD /* LiyiTongUITests.m */,
				FB58F9841D4846A500C207DD /* Info.plist */,
			);
			path = LiyiTongUITests;
			sourceTree = "<group>";
		};
		FBF513321D520DBA00AB88F2 /* baobei */ = {
			isa = PBXGroup;
			children = (
				FBF513331D520DBA00AB88F2 /* contorl */,
				FBF513341D520DBA00AB88F2 /* model */,
				FBF513351D520DBA00AB88F2 /* view */,
			);
			path = baobei;
			sourceTree = "<group>";
		};
		FBF513331D520DBA00AB88F2 /* contorl */ = {
			isa = PBXGroup;
			children = (
				FBF513361D520E2500AB88F2 /* confrimOrderViewController.h */,
				FBF513371D520E2500AB88F2 /* confrimOrderViewController.m */,
				FBF5133B1D52E99700AB88F2 /* confrimOrderViewController.storyboard */,
			);
			path = contorl;
			sourceTree = "<group>";
		};
		FBF513341D520DBA00AB88F2 /* model */ = {
			isa = PBXGroup;
			children = (
				FB4E3BE71D53F49C00FA78D5 /* Order.h */,
				FB4E3BE81D53F49C00FA78D5 /* Order.m */,
			);
			path = model;
			sourceTree = "<group>";
		};
		FBF513351D520DBA00AB88F2 /* view */ = {
			isa = PBXGroup;
			children = (
			);
			path = view;
			sourceTree = "<group>";
		};
/* End PBXGroup section */

/* Begin PBXNativeTarget section */
		FB58F9591D4846A500C207DD /* LiyiTong */ = {
			isa = PBXNativeTarget;
			buildConfigurationList = FB58F9871D4846A500C207DD /* Build configuration list for PBXNativeTarget "LiyiTong" */;
			buildPhases = (
				ECB60CE6A1E40C5ED0E297CF /* [CP] Check Pods Manifest.lock */,
				FB58F9561D4846A500C207DD /* Sources */,
				FB58F9571D4846A500C207DD /* Frameworks */,
				FB58F9581D4846A500C207DD /* Resources */,
				540A7167B704AF2CB431205F /* [CP] Embed Pods Frameworks */,
				941EF1C6BFF7FE29A72872EF /* [CP] Copy Pods Resources */,
			);
			buildRules = (
			);
			dependencies = (
			);
			name = LiyiTong;
			productName = LiyiTong;
			productReference = FB58F95A1D4846A500C207DD /* LiyiTong.app */;
			productType = "com.apple.product-type.application";
		};
		FB58F9721D4846A500C207DD /* LiyiTongTests */ = {
			isa = PBXNativeTarget;
			buildConfigurationList = FB58F98A1D4846A500C207DD /* Build configuration list for PBXNativeTarget "LiyiTongTests" */;
			buildPhases = (
				FB58F96F1D4846A500C207DD /* Sources */,
				FB58F9701D4846A500C207DD /* Frameworks */,
				FB58F9711D4846A500C207DD /* Resources */,
			);
			buildRules = (
			);
			dependencies = (
				FB58F9751D4846A500C207DD /* PBXTargetDependency */,
			);
			name = LiyiTongTests;
			productName = LiyiTongTests;
			productReference = FB58F9731D4846A500C207DD /* LiyiTongTests.xctest */;
			productType = "com.apple.product-type.bundle.unit-test";
		};
		FB58F97D1D4846A500C207DD /* LiyiTongUITests */ = {
			isa = PBXNativeTarget;
			buildConfigurationList = FB58F98D1D4846A500C207DD /* Build configuration list for PBXNativeTarget "LiyiTongUITests" */;
			buildPhases = (
				FB58F97A1D4846A500C207DD /* Sources */,
				FB58F97B1D4846A500C207DD /* Frameworks */,
				FB58F97C1D4846A500C207DD /* Resources */,
			);
			buildRules = (
			);
			dependencies = (
				FB58F9801D4846A500C207DD /* PBXTargetDependency */,
			);
			name = LiyiTongUITests;
			productName = LiyiTongUITests;
			productReference = FB58F97E1D4846A500C207DD /* LiyiTongUITests.xctest */;
			productType = "com.apple.product-type.bundle.ui-testing";
		};
/* End PBXNativeTarget section */

/* Begin PBXProject section */
		FB58F9521D4846A500C207DD /* Project object */ = {
			isa = PBXProject;
			attributes = {
				LastUpgradeCheck = 0730;
				ORGANIZATIONNAME = WanYu;
				TargetAttributes = {
					FB58F9591D4846A500C207DD = {
						CreatedOnToolsVersion = 7.3.1;
						DevelopmentTeam = UG6P8XMXWW;
					};
					FB58F9721D4846A500C207DD = {
						CreatedOnToolsVersion = 7.3.1;
						TestTargetID = FB58F9591D4846A500C207DD;
					};
					FB58F97D1D4846A500C207DD = {
						CreatedOnToolsVersion = 7.3.1;
						TestTargetID = FB58F9591D4846A500C207DD;
					};
				};
			};
			buildConfigurationList = FB58F9551D4846A500C207DD /* Build configuration list for PBXProject "LiyiTong" */;
			compatibilityVersion = "Xcode 3.2";
			developmentRegion = English;
			hasScannedForEncodings = 0;
			knownRegions = (
				en,
				Base,
			);
			mainGroup = FB58F9511D4846A500C207DD;
			productRefGroup = FB58F95B1D4846A500C207DD /* Products */;
			projectDirPath = "";
			projectRoot = "";
			targets = (
				FB58F9591D4846A500C207DD /* LiyiTong */,
				FB58F9721D4846A500C207DD /* LiyiTongTests */,
				FB58F97D1D4846A500C207DD /* LiyiTongUITests */,
			);
		};
/* End PBXProject section */

/* Begin PBXResourcesBuildPhase section */
		FB58F9581D4846A500C207DD /* Resources */ = {
			isa = PBXResourcesBuildPhase;
			buildActionMask = 2147483647;
			files = (
				C2567EE21D582FE400A2FAD0 /* lock_03.png in Resources */,
				C20835931D5A12FE00E1AC2E /* 人脉-节日提醒_02.png in Resources */,
				C20834D01D59B46100E1AC2E /* stock.plist in Resources */,
				C2487E5F1D4F4D780085107B /* tmp.jpg in Resources */,
				C2567EED1D582FE400A2FAD0 /* 热门psd_11.png in Resources */,
				C2B605A11D58AEB400110E39 /* bgg_07.png in Resources */,
				C2567EF11D582FE400A2FAD0 /* weixin.png in Resources */,
				C2487E611D4F4D780085107B /* top_bg.jpg in Resources */,
				C2487E5E1D4F4D780085107B /* t3.png in Resources */,
				C2B605A31D58AEB400110E39 /* choose.png in Resources */,
				C2487E511D4F4D780085107B /* active.png in Resources */,
				C2567EE61D582FE400A2FAD0 /* x_03.png in Resources */,
				C2B605A41D58AEB400110E39 /* more.png in Resources */,
				C2567EE51D582FE400A2FAD0 /* tou_03.png in Resources */,
				C2567EE91D582FE400A2FAD0 /* 12_07.png in Resources */,
				C2567EE81D582FE400A2FAD0 /* 密码登录.png in Resources */,
				C2567EDB1D582FE400A2FAD0 /* back.png in Resources */,
				C2567EDE1D582FE400A2FAD0 /* share.png in Resources */,
				C2487E5C1D4F4D780085107B /* t1.png in Resources */,
				C2567EE01D582FE400A2FAD0 /* d_active.png in Resources */,
				C2567EE11D582FE400A2FAD0 /* denglu_btn_03.png in Resources */,
				C2487E3B1D4F47C60085107B /* unlock.png in Resources */,
				C2567EDC1D582FE400A2FAD0 /* bammer_01.png in Resources */,
				C208359B1D5B068800E1AC2E /* laopo.png in Resources */,
				C2487E531D4F4D780085107B /* banner.png in Resources */,
				C2487E621D4F4D780085107B /* top_bg.png in Resources */,
				C2567EEB1D582FE400A2FAD0 /* 1_03.png in Resources */,
				C2487E5B1D4F4D780085107B /* seeAll.PNG in Resources */,
				FBF5133C1D52E99700AB88F2 /* confrimOrderViewController.storyboard in Resources */,
				C2487E541D4F4D780085107B /* contacts.png in Resources */,
				C2567EEA1D582FE400A2FAD0 /* 12_07副本.png in Resources */,
				FB58F96D1D4846A500C207DD /* LaunchScreen.storyboard in Resources */,
				FB5CA1D71D50313200BD9CD7 /* Assets.xcassets in Resources */,
				C2567EEE1D582FE400A2FAD0 /* kongjian.png in Resources */,
				C2487E361D4F447E0085107B /* 2.jpg in Resources */,
				C2487E631D4F4D780085107B /* vow.png in Resources */,
				C2567EEC1D582FE400A2FAD0 /* 3332_02.png in Resources */,
				C2B605A61D58AEE700110E39 /* 手链.png in Resources */,
				C2487E571D4F4D780085107B /* magnifying.png in Resources */,
				C2487E5D1D4F4D780085107B /* t2.png in Resources */,
				C2567EE31D582FE400A2FAD0 /* phone_03.png in Resources */,
				C2487E561D4F4D780085107B /* home.png in Resources */,
				C20834CA1D59B45300E1AC2E /* 1.jpg in Resources */,
				C2487E641D4F4D780085107B /* z_active.png in Resources */,
				C2487E5A1D4F4D780085107B /* message_05.png in Resources */,
				C2567EE71D582FE400A2FAD0 /* xinfeng.png in Resources */,
				FBF322AC1D5486A4005CCA00 /* Info.plist in Resources */,
				FB58F9681D4846A500C207DD /* Main.storyboard in Resources */,
				C2B605A01D58AEB400110E39 /* bg_05.png in Resources */,
				C2487E601D4F4D780085107B /* tmp.png in Resources */,
				C2567EE41D582FE400A2FAD0 /* phone_06.png in Resources */,
				C20834CD1D59B45300E1AC2E /* 4.jpg in Resources */,
				C2487E551D4F4D780085107B /* help.png in Resources */,
				C2487E521D4F4D780085107B /* banner.jpg in Resources */,
				C20834CB1D59B45300E1AC2E /* 2.jpg in Resources */,
				C2567EEF1D582FE400A2FAD0 /* QQ.png in Resources */,
				C2567EDF1D582FE400A2FAD0 /* d.png in Resources */,
				C20834CC1D59B45300E1AC2E /* 3.jpg in Resources */,
				C2567EDD1D582FE400A2FAD0 /* gonglue_04.png in Resources */,
				C2487E581D4F4D780085107B /* me.png in Resources */,
				C2567EF01D582FE400A2FAD0 /* quan.png in Resources */,
				C20834CE1D59B45300E1AC2E /* close@3x.png in Resources */,
				C2487E591D4F4D780085107B /* message.png in Resources */,
				C2B605A21D58AEB400110E39 /* bgg_11.png in Resources */,
			);
			runOnlyForDeploymentPostprocessing = 0;
		};
		FB58F9711D4846A500C207DD /* Resources */ = {
			isa = PBXResourcesBuildPhase;
			buildActionMask = 2147483647;
			files = (
			);
			runOnlyForDeploymentPostprocessing = 0;
		};
		FB58F97C1D4846A500C207DD /* Resources */ = {
			isa = PBXResourcesBuildPhase;
			buildActionMask = 2147483647;
			files = (
			);
			runOnlyForDeploymentPostprocessing = 0;
		};
/* End PBXResourcesBuildPhase section */

/* Begin PBXShellScriptBuildPhase section */
		540A7167B704AF2CB431205F /* [CP] Embed Pods Frameworks */ = {
			isa = PBXShellScriptBuildPhase;
			buildActionMask = 2147483647;
			files = (
			);
			inputPaths = (
			);
			name = "[CP] Embed Pods Frameworks";
			outputPaths = (
			);
			runOnlyForDeploymentPostprocessing = 0;
			shellPath = /bin/sh;
			shellScript = "\"${SRCROOT}/Pods/Target Support Files/Pods-LiyiTong/Pods-LiyiTong-frameworks.sh\"\n";
			showEnvVarsInLog = 0;
		};
		941EF1C6BFF7FE29A72872EF /* [CP] Copy Pods Resources */ = {
			isa = PBXShellScriptBuildPhase;
			buildActionMask = 2147483647;
			files = (
			);
			inputPaths = (
			);
			name = "[CP] Copy Pods Resources";
			outputPaths = (
			);
			runOnlyForDeploymentPostprocessing = 0;
			shellPath = /bin/sh;
			shellScript = "\"${SRCROOT}/Pods/Target Support Files/Pods-LiyiTong/Pods-LiyiTong-resources.sh\"\n";
			showEnvVarsInLog = 0;
		};
		ECB60CE6A1E40C5ED0E297CF /* [CP] Check Pods Manifest.lock */ = {
			isa = PBXShellScriptBuildPhase;
			buildActionMask = 2147483647;
			files = (
			);
			inputPaths = (
			);
			name = "[CP] Check Pods Manifest.lock";
			outputPaths = (
			);
			runOnlyForDeploymentPostprocessing = 0;
			shellPath = /bin/sh;
			shellScript = "diff \"${PODS_ROOT}/../Podfile.lock\" \"${PODS_ROOT}/Manifest.lock\" > /dev/null\nif [[ $? != 0 ]] ; then\n    cat << EOM\nerror: The sandbox is not in sync with the Podfile.lock. Run 'pod install' or update your CocoaPods installation.\nEOM\n    exit 1\nfi\n";
			showEnvVarsInLog = 0;
		};
/* End PBXShellScriptBuildPhase section */

/* Begin PBXSourcesBuildPhase section */
		FB58F9561D4846A500C207DD /* Sources */ = {
			isa = PBXSourcesBuildPhase;
			buildActionMask = 2147483647;
			files = (
				FB47D6661D48693D008EE4D6 /* bangbangViewController.m in Sources */,
				FB47D6931D4885E6008EE4D6 /* giftStrategyViewController.m in Sources */,
				FB47D6791D487D54008EE4D6 /* UIView+SLExtension.m in Sources */,
				C2192A3A1D54A7FB00F8F6A4 /* YFActionSheetItem.m in Sources */,
				FB47D6461D485D01008EE4D6 /* main.m in Sources */,
				C20835991D5A15F700E1AC2E /* HeaderView.m in Sources */,
				C23263131D55DE74008F7751 /* sendSMS.m in Sources */,
				C232630C1D55BA4C008F7751 /* YFAlert.m in Sources */,
				FB47D6691D486964008EE4D6 /* ConnectionViewController.m in Sources */,
				FB47D7041D48935C008EE4D6 /* MASViewAttribute.m in Sources */,
				FB47D7031D48935C008EE4D6 /* MASLayoutConstraint.m in Sources */,
				C2192A841D54AB1C00F8F6A4 /* TOPTableViewCell.m in Sources */,
				FB47D7071D48935C008EE4D6 /* NSLayoutConstraint+MASDebugAdditions.m in Sources */,
				FB4E3BEE1D5433AB00FA78D5 /* LYTAfnetworkingManager.m in Sources */,
				C2192A8A1D54AB8D00F8F6A4 /* guessModel.m in Sources */,
				FB47D7021D48935C008EE4D6 /* MASConstraintMaker.m in Sources */,
				FB47D64B1D486128008EE4D6 /* MainViewController.m in Sources */,
				C2192A7E1D54AAE700F8F6A4 /* GiveViewController.m in Sources */,
				FB47D6721D48699B008EE4D6 /* WishViewController.m in Sources */,
				FB2F6F4B1D546CFC00FF5D14 /* CheckPhone.m in Sources */,
				C20834C21D59B1CB00E1AC2E /* ChoseView.m in Sources */,
				FB47D7091D48935C008EE4D6 /* ViewController+MASAdditions.m in Sources */,
				FB4E3BF11D5434BC00FA78D5 /* LYTAFRequest.m in Sources */,
				C2192A471D54A95D00F8F6A4 /* loginViewController.m in Sources */,
				FB47D64E1D486251008EE4D6 /* LytNavigationViewController.m in Sources */,
				FB47D66C1D486978008EE4D6 /* HomeViewController.m in Sources */,
				FB47D66F1D48698B008EE4D6 /* MeViewController.m in Sources */,
				FB4E3BE91D53F49C00FA78D5 /* Order.m in Sources */,
				C23263191D560E7E008F7751 /* login.m in Sources */,
				C2192A3D1D54A80300F8F6A4 /* strategyTableViewCell.m in Sources */,
				FB47D7001D48935C008EE4D6 /* MASCompositeConstraint.m in Sources */,
				C232631C1D560F54008F7751 /* userRegister.m in Sources */,
				FB4E3BF71D543BCB00FA78D5 /* NSObject+LYTHUD.m in Sources */,
				C2B605911D587B8400110E39 /* detailViewController.m in Sources */,
				FB47D7061D48935C008EE4D6 /* NSArray+MASAdditions.m in Sources */,
				FB2F6F481D545FE900FF5D14 /* LYTAlertView.m in Sources */,
				C2192A871D54AB8400F8F6A4 /* GuessViewController.m in Sources */,
				C2487E341D4F44630085107B /* GGImagePageView.m in Sources */,
				FB47D6441D485D01008EE4D6 /* AppDelegate.m in Sources */,
				FB47D6751D487CA1008EE4D6 /* SelectedView.m in Sources */,
				FB47D7081D48935C008EE4D6 /* View+MASAdditions.m in Sources */,
				C2487E671D4F565E0085107B /* giftTableViewCell.m in Sources */,
				C20835961D5A149D00E1AC2E /* ChineseToPinyin.m in Sources */,
				FBF513391D520E2500AB88F2 /* confrimOrderViewController.m in Sources */,
				FB47D7051D48935C008EE4D6 /* MASViewConstraint.m in Sources */,
				C2192A391D54A7FB00F8F6A4 /* YFActionSheet.m in Sources */,
				FB47D7011D48935C008EE4D6 /* MASConstraint.m in Sources */,
				C2192A481D54A95D00F8F6A4 /* findPassWordViewController.m in Sources */,
				C20834C31D59B1CB00E1AC2E /* TypeView.m in Sources */,
				FB4E3BF81D543BCB00FA78D5 /* UIViewController+SLHUD.m in Sources */,
				C2192A401D54A80E00F8F6A4 /* strategyViewController.m in Sources */,
				FB47D67E1D4882FB008EE4D6 /* Constant.m in Sources */,
				C2192A811D54AB1100F8F6A4 /* TOPModel.m in Sources */,
			);
			runOnlyForDeploymentPostprocessing = 0;
		};
		FB58F96F1D4846A500C207DD /* Sources */ = {
			isa = PBXSourcesBuildPhase;
			buildActionMask = 2147483647;
			files = (
				FB58F9781D4846A500C207DD /* LiyiTongTests.m in Sources */,
			);
			runOnlyForDeploymentPostprocessing = 0;
		};
		FB58F97A1D4846A500C207DD /* Sources */ = {
			isa = PBXSourcesBuildPhase;
			buildActionMask = 2147483647;
			files = (
				FB58F9831D4846A500C207DD /* LiyiTongUITests.m in Sources */,
			);
			runOnlyForDeploymentPostprocessing = 0;
		};
/* End PBXSourcesBuildPhase section */

/* Begin PBXTargetDependency section */
		FB58F9751D4846A500C207DD /* PBXTargetDependency */ = {
			isa = PBXTargetDependency;
			target = FB58F9591D4846A500C207DD /* LiyiTong */;
			targetProxy = FB58F9741D4846A500C207DD /* PBXContainerItemProxy */;
		};
		FB58F9801D4846A500C207DD /* PBXTargetDependency */ = {
			isa = PBXTargetDependency;
			target = FB58F9591D4846A500C207DD /* LiyiTong */;
			targetProxy = FB58F97F1D4846A500C207DD /* PBXContainerItemProxy */;
		};
/* End PBXTargetDependency section */

/* Begin PBXVariantGroup section */
		FB58F9661D4846A500C207DD /* Main.storyboard */ = {
			isa = PBXVariantGroup;
			children = (
				FB58F9671D4846A500C207DD /* Base */,
			);
			name = Main.storyboard;
			sourceTree = "<group>";
		};
		FB58F96B1D4846A500C207DD /* LaunchScreen.storyboard */ = {
			isa = PBXVariantGroup;
			children = (
				FB58F96C1D4846A500C207DD /* Base */,
			);
			name = LaunchScreen.storyboard;
			sourceTree = "<group>";
		};
/* End PBXVariantGroup section */

/* Begin XCBuildConfiguration section */
		FB58F9851D4846A500C207DD /* Debug */ = {
			isa = XCBuildConfiguration;
			buildSettings = {
				ALWAYS_SEARCH_USER_PATHS = NO;
				CLANG_ANALYZER_NONNULL = YES;
				CLANG_CXX_LANGUAGE_STANDARD = "gnu++0x";
				CLANG_CXX_LIBRARY = "libc++";
				CLANG_ENABLE_MODULES = YES;
				CLANG_ENABLE_OBJC_ARC = YES;
				CLANG_WARN_BOOL_CONVERSION = YES;
				CLANG_WARN_CONSTANT_CONVERSION = YES;
				CLANG_WARN_DIRECT_OBJC_ISA_USAGE = YES_ERROR;
				CLANG_WARN_EMPTY_BODY = YES;
				CLANG_WARN_ENUM_CONVERSION = YES;
				CLANG_WARN_INT_CONVERSION = YES;
				CLANG_WARN_OBJC_ROOT_CLASS = YES_ERROR;
				CLANG_WARN_UNREACHABLE_CODE = YES;
				CLANG_WARN__DUPLICATE_METHOD_MATCH = YES;
				"CODE_SIGN_IDENTITY[sdk=iphoneos*]" = "iPhone Developer";
				COPY_PHASE_STRIP = NO;
				DEBUG_INFORMATION_FORMAT = dwarf;
				ENABLE_STRICT_OBJC_MSGSEND = YES;
				ENABLE_TESTABILITY = YES;
				GCC_C_LANGUAGE_STANDARD = gnu99;
				GCC_DYNAMIC_NO_PIC = NO;
				GCC_NO_COMMON_BLOCKS = YES;
				GCC_OPTIMIZATION_LEVEL = 0;
				GCC_PRECOMPILE_PREFIX_HEADER = YES;
				GCC_PREPROCESSOR_DEFINITIONS = (
					"DEBUG=1",
					"$(inherited)",
				);
				GCC_WARN_64_TO_32_BIT_CONVERSION = YES;
				GCC_WARN_ABOUT_RETURN_TYPE = YES_ERROR;
				GCC_WARN_UNDECLARED_SELECTOR = YES;
				GCC_WARN_UNINITIALIZED_AUTOS = YES_AGGRESSIVE;
				GCC_WARN_UNUSED_FUNCTION = YES;
				GCC_WARN_UNUSED_VARIABLE = YES;
				IPHONEOS_DEPLOYMENT_TARGET = 9.3;
				MTL_ENABLE_DEBUG_INFO = YES;
				ONLY_ACTIVE_ARCH = YES;
				SDKROOT = iphoneos;
			};
			name = Debug;
		};
		FB58F9861D4846A500C207DD /* Release */ = {
			isa = XCBuildConfiguration;
			buildSettings = {
				ALWAYS_SEARCH_USER_PATHS = NO;
				CLANG_ANALYZER_NONNULL = YES;
				CLANG_CXX_LANGUAGE_STANDARD = "gnu++0x";
				CLANG_CXX_LIBRARY = "libc++";
				CLANG_ENABLE_MODULES = YES;
				CLANG_ENABLE_OBJC_ARC = YES;
				CLANG_WARN_BOOL_CONVERSION = YES;
				CLANG_WARN_CONSTANT_CONVERSION = YES;
				CLANG_WARN_DIRECT_OBJC_ISA_USAGE = YES_ERROR;
				CLANG_WARN_EMPTY_BODY = YES;
				CLANG_WARN_ENUM_CONVERSION = YES;
				CLANG_WARN_INT_CONVERSION = YES;
				CLANG_WARN_OBJC_ROOT_CLASS = YES_ERROR;
				CLANG_WARN_UNREACHABLE_CODE = YES;
				CLANG_WARN__DUPLICATE_METHOD_MATCH = YES;
				"CODE_SIGN_IDENTITY[sdk=iphoneos*]" = "iPhone Developer";
				COPY_PHASE_STRIP = NO;
				DEBUG_INFORMATION_FORMAT = "dwarf-with-dsym";
				ENABLE_NS_ASSERTIONS = NO;
				ENABLE_STRICT_OBJC_MSGSEND = YES;
				GCC_C_LANGUAGE_STANDARD = gnu99;
				GCC_NO_COMMON_BLOCKS = YES;
				GCC_PRECOMPILE_PREFIX_HEADER = YES;
				GCC_WARN_64_TO_32_BIT_CONVERSION = YES;
				GCC_WARN_ABOUT_RETURN_TYPE = YES_ERROR;
				GCC_WARN_UNDECLARED_SELECTOR = YES;
				GCC_WARN_UNINITIALIZED_AUTOS = YES_AGGRESSIVE;
				GCC_WARN_UNUSED_FUNCTION = YES;
				GCC_WARN_UNUSED_VARIABLE = YES;
				IPHONEOS_DEPLOYMENT_TARGET = 9.3;
				MTL_ENABLE_DEBUG_INFO = NO;
				SDKROOT = iphoneos;
				VALIDATE_PRODUCT = YES;
			};
			name = Release;
		};
		FB58F9881D4846A500C207DD /* Debug */ = {
			isa = XCBuildConfiguration;
			baseConfigurationReference = C4F53843F46E2B2802D8E641 /* Pods-LiyiTong.debug.xcconfig */;
			buildSettings = {
				ASSETCATALOG_COMPILER_APPICON_NAME = AppIcon;
				CLANG_ENABLE_OBJC_WEAK = YES;
				CODE_SIGN_IDENTITY = "iPhone Developer";
				"CODE_SIGN_IDENTITY[sdk=iphoneos*]" = "iPhone Developer";
				GCC_PREFIX_HEADER = "$(SRCROOT)/LiyiTong/Resource/PrefixHeader.pch";
				INFOPLIST_FILE = "$(SRCROOT)/LiyiTong/classes/Info.plist";
				IPHONEOS_DEPLOYMENT_TARGET = 7.1;
				LD_RUNPATH_SEARCH_PATHS = "$(inherited) @executable_path/Frameworks";
				PRODUCT_BUNDLE_IDENTIFIER = com.www.LiyiTongw;
				PRODUCT_NAME = "$(TARGET_NAME)";
				PROVISIONING_PROFILE = "";
			};
			name = Debug;
		};
		FB58F9891D4846A500C207DD /* Release */ = {
			isa = XCBuildConfiguration;
			baseConfigurationReference = DFB8B417ACA1A68B14756E6A /* Pods-LiyiTong.release.xcconfig */;
			buildSettings = {
				ASSETCATALOG_COMPILER_APPICON_NAME = AppIcon;
				CLANG_ENABLE_OBJC_WEAK = YES;
				CODE_SIGN_IDENTITY = "iPhone Developer";
				"CODE_SIGN_IDENTITY[sdk=iphoneos*]" = "iPhone Developer";
				GCC_PREFIX_HEADER = "$(SRCROOT)/LiyiTong/Resource/PrefixHeader.pch";
				INFOPLIST_FILE = "$(SRCROOT)/LiyiTong/classes/Info.plist";
				IPHONEOS_DEPLOYMENT_TARGET = 7.1;
				LD_RUNPATH_SEARCH_PATHS = "$(inherited) @executable_path/Frameworks";
				PRODUCT_BUNDLE_IDENTIFIER = com.www.LiyiTongw;
				PRODUCT_NAME = "$(TARGET_NAME)";
				PROVISIONING_PROFILE = "";
			};
			name = Release;
		};
		FB58F98B1D4846A500C207DD /* Debug */ = {
			isa = XCBuildConfiguration;
			buildSettings = {
				BUNDLE_LOADER = "$(TEST_HOST)";
				INFOPLIST_FILE = LiyiTongTests/Info.plist;
				LD_RUNPATH_SEARCH_PATHS = "$(inherited) @executable_path/Frameworks @loader_path/Frameworks";
				PRODUCT_BUNDLE_IDENTIFIER = com.Liyitong.LiyiTongTests;
				PRODUCT_NAME = "$(TARGET_NAME)";
				TEST_HOST = "$(BUILT_PRODUCTS_DIR)/LiyiTong.app/LiyiTong";
			};
			name = Debug;
		};
		FB58F98C1D4846A500C207DD /* Release */ = {
			isa = XCBuildConfiguration;
			buildSettings = {
				BUNDLE_LOADER = "$(TEST_HOST)";
				INFOPLIST_FILE = LiyiTongTests/Info.plist;
				LD_RUNPATH_SEARCH_PATHS = "$(inherited) @executable_path/Frameworks @loader_path/Frameworks";
				PRODUCT_BUNDLE_IDENTIFIER = com.Liyitong.LiyiTongTests;
				PRODUCT_NAME = "$(TARGET_NAME)";
				TEST_HOST = "$(BUILT_PRODUCTS_DIR)/LiyiTong.app/LiyiTong";
			};
			name = Release;
		};
		FB58F98E1D4846A500C207DD /* Debug */ = {
			isa = XCBuildConfiguration;
			buildSettings = {
				INFOPLIST_FILE = LiyiTongUITests/Info.plist;
				LD_RUNPATH_SEARCH_PATHS = "$(inherited) @executable_path/Frameworks @loader_path/Frameworks";
				PRODUCT_BUNDLE_IDENTIFIER = com.Liyitong.LiyiTongUITests;
				PRODUCT_NAME = "$(TARGET_NAME)";
				TEST_TARGET_NAME = LiyiTong;
			};
			name = Debug;
		};
		FB58F98F1D4846A500C207DD /* Release */ = {
			isa = XCBuildConfiguration;
			buildSettings = {
				INFOPLIST_FILE = LiyiTongUITests/Info.plist;
				LD_RUNPATH_SEARCH_PATHS = "$(inherited) @executable_path/Frameworks @loader_path/Frameworks";
				PRODUCT_BUNDLE_IDENTIFIER = com.Liyitong.LiyiTongUITests;
				PRODUCT_NAME = "$(TARGET_NAME)";
				TEST_TARGET_NAME = LiyiTong;
			};
			name = Release;
		};
/* End XCBuildConfiguration section */

/* Begin XCConfigurationList section */
		FB58F9551D4846A500C207DD /* Build configuration list for PBXProject "LiyiTong" */ = {
			isa = XCConfigurationList;
			buildConfigurations = (
				FB58F9851D4846A500C207DD /* Debug */,
				FB58F9861D4846A500C207DD /* Release */,
			);
			defaultConfigurationIsVisible = 0;
			defaultConfigurationName = Release;
		};
		FB58F9871D4846A500C207DD /* Build configuration list for PBXNativeTarget "LiyiTong" */ = {
			isa = XCConfigurationList;
			buildConfigurations = (
				FB58F9881D4846A500C207DD /* Debug */,
				FB58F9891D4846A500C207DD /* Release */,
			);
			defaultConfigurationIsVisible = 0;
			defaultConfigurationName = Release;
		};
		FB58F98A1D4846A500C207DD /* Build configuration list for PBXNativeTarget "LiyiTongTests" */ = {
			isa = XCConfigurationList;
			buildConfigurations = (
				FB58F98B1D4846A500C207DD /* Debug */,
				FB58F98C1D4846A500C207DD /* Release */,
			);
			defaultConfigurationIsVisible = 0;
			defaultConfigurationName = Release;
		};
		FB58F98D1D4846A500C207DD /* Build configuration list for PBXNativeTarget "LiyiTongUITests" */ = {
			isa = XCConfigurationList;
			buildConfigurations = (
				FB58F98E1D4846A500C207DD /* Debug */,
				FB58F98F1D4846A500C207DD /* Release */,
			);
			defaultConfigurationIsVisible = 0;
			defaultConfigurationName = Release;
		};
/* End XCConfigurationList section */
	};
	rootObject = FB58F9521D4846A500C207DD /* Project object */;
}
